// !$*UTF8*$!
{
	archiveVersion = 1;
	classes = {
	};
	objectVersion = 50;
	objects = {

/* Begin PBXBuildFile section */
		8F3295592481E01900A0D11E /* main.cpp in Sources */ = {isa = PBXBuildFile; fileRef = 8F3295582481E01900A0D11E /* main.cpp */; };
		8F3296C82485ADA000A0D11E /* main.cpp in Sources */ = {isa = PBXBuildFile; fileRef = 8F3296C72485ADA000A0D11E /* main.cpp */; };
		8F3296D32486B43A00A0D11E /* main.cpp in Sources */ = {isa = PBXBuildFile; fileRef = 8F3296D22486B43A00A0D11E /* main.cpp */; };
		8F3296DE2486FA2700A0D11E /* main.cpp in Sources */ = {isa = PBXBuildFile; fileRef = 8F3296DD2486FA2700A0D11E /* main.cpp */; };
		8F3296E92487FB2E00A0D11E /* main.cpp in Sources */ = {isa = PBXBuildFile; fileRef = 8F3296E82487FB2E00A0D11E /* main.cpp */; };
		8F3296F42488363A00A0D11E /* main.cpp in Sources */ = {isa = PBXBuildFile; fileRef = 8F3296F32488363A00A0D11E /* main.cpp */; };
		8F3296FF24883CC300A0D11E /* main.cpp in Sources */ = {isa = PBXBuildFile; fileRef = 8F3296FE24883CC300A0D11E /* main.cpp */; };
		8F32972C2488B9FA00A0D11E /* main.cpp in Sources */ = {isa = PBXBuildFile; fileRef = 8F32972B2488B9FA00A0D11E /* main.cpp */; };
		8F3297382488C2A100A0D11E /* main.cpp in Sources */ = {isa = PBXBuildFile; fileRef = 8F3297372488C2A100A0D11E /* main.cpp */; };
		8F3297622489923E00A0D11E /* main.cpp in Sources */ = {isa = PBXBuildFile; fileRef = 8F3297612489923E00A0D11E /* main.cpp */; };
		8F32976D248999AC00A0D11E /* main.cpp in Sources */ = {isa = PBXBuildFile; fileRef = 8F32976C248999AC00A0D11E /* main.cpp */; };
		8F3297782489CA8200A0D11E /* main.cpp in Sources */ = {isa = PBXBuildFile; fileRef = 8F3297772489CA8200A0D11E /* main.cpp */; };
		8F329784248AAB0500A0D11E /* main.cpp in Sources */ = {isa = PBXBuildFile; fileRef = 8F329783248AAB0500A0D11E /* main.cpp */; };
		8F32978F248AFAE800A0D11E /* main.cpp in Sources */ = {isa = PBXBuildFile; fileRef = 8F32978E248AFAE800A0D11E /* main.cpp */; };
		8F32979A248B2A9A00A0D11E /* main.cpp in Sources */ = {isa = PBXBuildFile; fileRef = 8F329799248B2A9A00A0D11E /* main.cpp */; };
		8F3297A5248B52B200A0D11E /* main.cpp in Sources */ = {isa = PBXBuildFile; fileRef = 8F3297A4248B52B200A0D11E /* main.cpp */; };
		8F3297B0248B584F00A0D11E /* main.cpp in Sources */ = {isa = PBXBuildFile; fileRef = 8F3297AF248B584F00A0D11E /* main.cpp */; };
		8F3297BB248BF30100A0D11E /* main.cpp in Sources */ = {isa = PBXBuildFile; fileRef = 8F3297BA248BF30100A0D11E /* main.cpp */; };
		8F3297C6248BFC3D00A0D11E /* main.cpp in Sources */ = {isa = PBXBuildFile; fileRef = 8F3297C5248BFC3D00A0D11E /* main.cpp */; };
		8F3297D1248C0D8800A0D11E /* main.cpp in Sources */ = {isa = PBXBuildFile; fileRef = 8F3297D0248C0D8800A0D11E /* main.cpp */; };
		8F3297DC248C5CD800A0D11E /* main.cpp in Sources */ = {isa = PBXBuildFile; fileRef = 8F3297DB248C5CD800A0D11E /* main.cpp */; };
		8F3297E7248C5D1500A0D11E /* main.cpp in Sources */ = {isa = PBXBuildFile; fileRef = 8F3297E6248C5D1500A0D11E /* main.cpp */; };
		8F3297F2248D2C4E00A0D11E /* main.cpp in Sources */ = {isa = PBXBuildFile; fileRef = 8F3297F1248D2C4E00A0D11E /* main.cpp */; };
/* End PBXBuildFile section */

/* Begin PBXCopyFilesBuildPhase section */
		8F3295542481E01900A0D11E /* CopyFiles */ = {
			isa = PBXCopyFilesBuildPhase;
			buildActionMask = 2147483647;
			dstPath = /usr/share/man/man1/;
			dstSubfolderSpec = 0;
			files = (
			);
			runOnlyForDeploymentPostprocessing = 1;
		};
		8F3296C32485ADA000A0D11E /* CopyFiles */ = {
			isa = PBXCopyFilesBuildPhase;
			buildActionMask = 2147483647;
			dstPath = /usr/share/man/man1/;
			dstSubfolderSpec = 0;
			files = (
			);
			runOnlyForDeploymentPostprocessing = 1;
		};
		8F3296CE2486B43A00A0D11E /* CopyFiles */ = {
			isa = PBXCopyFilesBuildPhase;
			buildActionMask = 2147483647;
			dstPath = /usr/share/man/man1/;
			dstSubfolderSpec = 0;
			files = (
			);
			runOnlyForDeploymentPostprocessing = 1;
		};
		8F3296D92486FA2700A0D11E /* CopyFiles */ = {
			isa = PBXCopyFilesBuildPhase;
			buildActionMask = 2147483647;
			dstPath = /usr/share/man/man1/;
			dstSubfolderSpec = 0;
			files = (
			);
			runOnlyForDeploymentPostprocessing = 1;
		};
		8F3296E42487FB2E00A0D11E /* CopyFiles */ = {
			isa = PBXCopyFilesBuildPhase;
			buildActionMask = 2147483647;
			dstPath = /usr/share/man/man1/;
			dstSubfolderSpec = 0;
			files = (
			);
			runOnlyForDeploymentPostprocessing = 1;
		};
		8F3296EF2488363A00A0D11E /* CopyFiles */ = {
			isa = PBXCopyFilesBuildPhase;
			buildActionMask = 2147483647;
			dstPath = /usr/share/man/man1/;
			dstSubfolderSpec = 0;
			files = (
			);
			runOnlyForDeploymentPostprocessing = 1;
		};
		8F3296FA24883CC300A0D11E /* CopyFiles */ = {
			isa = PBXCopyFilesBuildPhase;
			buildActionMask = 2147483647;
			dstPath = /usr/share/man/man1/;
			dstSubfolderSpec = 0;
			files = (
			);
			runOnlyForDeploymentPostprocessing = 1;
		};
		8F3297272488B9FA00A0D11E /* CopyFiles */ = {
			isa = PBXCopyFilesBuildPhase;
			buildActionMask = 2147483647;
			dstPath = /usr/share/man/man1/;
			dstSubfolderSpec = 0;
			files = (
			);
			runOnlyForDeploymentPostprocessing = 1;
		};
		8F3297332488C2A100A0D11E /* CopyFiles */ = {
			isa = PBXCopyFilesBuildPhase;
			buildActionMask = 2147483647;
			dstPath = /usr/share/man/man1/;
			dstSubfolderSpec = 0;
			files = (
			);
			runOnlyForDeploymentPostprocessing = 1;
		};
		8F32975D2489923E00A0D11E /* CopyFiles */ = {
			isa = PBXCopyFilesBuildPhase;
			buildActionMask = 2147483647;
			dstPath = /usr/share/man/man1/;
			dstSubfolderSpec = 0;
			files = (
			);
			runOnlyForDeploymentPostprocessing = 1;
		};
		8F329768248999AC00A0D11E /* CopyFiles */ = {
			isa = PBXCopyFilesBuildPhase;
			buildActionMask = 2147483647;
			dstPath = /usr/share/man/man1/;
			dstSubfolderSpec = 0;
			files = (
			);
			runOnlyForDeploymentPostprocessing = 1;
		};
		8F3297732489CA8200A0D11E /* CopyFiles */ = {
			isa = PBXCopyFilesBuildPhase;
			buildActionMask = 2147483647;
			dstPath = /usr/share/man/man1/;
			dstSubfolderSpec = 0;
			files = (
			);
			runOnlyForDeploymentPostprocessing = 1;
		};
		8F32977F248AAB0500A0D11E /* CopyFiles */ = {
			isa = PBXCopyFilesBuildPhase;
			buildActionMask = 2147483647;
			dstPath = /usr/share/man/man1/;
			dstSubfolderSpec = 0;
			files = (
			);
			runOnlyForDeploymentPostprocessing = 1;
		};
		8F32978A248AFAE700A0D11E /* CopyFiles */ = {
			isa = PBXCopyFilesBuildPhase;
			buildActionMask = 2147483647;
			dstPath = /usr/share/man/man1/;
			dstSubfolderSpec = 0;
			files = (
			);
			runOnlyForDeploymentPostprocessing = 1;
		};
		8F329795248B2A9A00A0D11E /* CopyFiles */ = {
			isa = PBXCopyFilesBuildPhase;
			buildActionMask = 2147483647;
			dstPath = /usr/share/man/man1/;
			dstSubfolderSpec = 0;
			files = (
			);
			runOnlyForDeploymentPostprocessing = 1;
		};
		8F3297A0248B52B200A0D11E /* CopyFiles */ = {
			isa = PBXCopyFilesBuildPhase;
			buildActionMask = 2147483647;
			dstPath = /usr/share/man/man1/;
			dstSubfolderSpec = 0;
			files = (
			);
			runOnlyForDeploymentPostprocessing = 1;
		};
		8F3297AB248B584F00A0D11E /* CopyFiles */ = {
			isa = PBXCopyFilesBuildPhase;
			buildActionMask = 2147483647;
			dstPath = /usr/share/man/man1/;
			dstSubfolderSpec = 0;
			files = (
			);
			runOnlyForDeploymentPostprocessing = 1;
		};
		8F3297B6248BF30100A0D11E /* CopyFiles */ = {
			isa = PBXCopyFilesBuildPhase;
			buildActionMask = 2147483647;
			dstPath = /usr/share/man/man1/;
			dstSubfolderSpec = 0;
			files = (
			);
			runOnlyForDeploymentPostprocessing = 1;
		};
		8F3297C1248BFC3D00A0D11E /* CopyFiles */ = {
			isa = PBXCopyFilesBuildPhase;
			buildActionMask = 2147483647;
			dstPath = /usr/share/man/man1/;
			dstSubfolderSpec = 0;
			files = (
			);
			runOnlyForDeploymentPostprocessing = 1;
		};
		8F3297CC248C0D8800A0D11E /* CopyFiles */ = {
			isa = PBXCopyFilesBuildPhase;
			buildActionMask = 2147483647;
			dstPath = /usr/share/man/man1/;
			dstSubfolderSpec = 0;
			files = (
			);
			runOnlyForDeploymentPostprocessing = 1;
		};
		8F3297D7248C5CD800A0D11E /* CopyFiles */ = {
			isa = PBXCopyFilesBuildPhase;
			buildActionMask = 2147483647;
			dstPath = /usr/share/man/man1/;
			dstSubfolderSpec = 0;
			files = (
			);
			runOnlyForDeploymentPostprocessing = 1;
		};
		8F3297E2248C5D1500A0D11E /* CopyFiles */ = {
			isa = PBXCopyFilesBuildPhase;
			buildActionMask = 2147483647;
			dstPath = /usr/share/man/man1/;
			dstSubfolderSpec = 0;
			files = (
			);
			runOnlyForDeploymentPostprocessing = 1;
		};
		8F3297ED248D2C4E00A0D11E /* CopyFiles */ = {
			isa = PBXCopyFilesBuildPhase;
			buildActionMask = 2147483647;
			dstPath = /usr/share/man/man1/;
			dstSubfolderSpec = 0;
			files = (
			);
			runOnlyForDeploymentPostprocessing = 1;
		};
/* End PBXCopyFilesBuildPhase section */

/* Begin PBXFileReference section */
		8F3295562481E01900A0D11E /* 136. Single Number */ = {isa = PBXFileReference; explicitFileType = "compiled.mach-o.executable"; includeInIndex = 0; path = "136. Single Number"; sourceTree = BUILT_PRODUCTS_DIR; };
		8F3295582481E01900A0D11E /* main.cpp */ = {isa = PBXFileReference; lastKnownFileType = sourcecode.cpp.cpp; path = main.cpp; sourceTree = "<group>"; };
		8F3296C52485ADA000A0D11E /* 1. Two Sum */ = {isa = PBXFileReference; explicitFileType = "compiled.mach-o.executable"; includeInIndex = 0; path = "1. Two Sum"; sourceTree = BUILT_PRODUCTS_DIR; };
		8F3296C72485ADA000A0D11E /* main.cpp */ = {isa = PBXFileReference; lastKnownFileType = sourcecode.cpp.cpp; path = main.cpp; sourceTree = "<group>"; };
		8F3296D02486B43A00A0D11E /* 237. Delete Node in a Linked List */ = {isa = PBXFileReference; explicitFileType = "compiled.mach-o.executable"; includeInIndex = 0; path = "237. Delete Node in a Linked List"; sourceTree = BUILT_PRODUCTS_DIR; };
		8F3296D22486B43A00A0D11E /* main.cpp */ = {isa = PBXFileReference; lastKnownFileType = sourcecode.cpp.cpp; path = main.cpp; sourceTree = "<group>"; };
		8F3296DB2486FA2700A0D11E /* 34. Find First and Last Position of Element in Sorted Array */ = {isa = PBXFileReference; explicitFileType = "compiled.mach-o.executable"; includeInIndex = 0; path = "34. Find First and Last Position of Element in Sorted Array"; sourceTree = BUILT_PRODUCTS_DIR; };
		8F3296DD2486FA2700A0D11E /* main.cpp */ = {isa = PBXFileReference; lastKnownFileType = sourcecode.cpp.cpp; path = main.cpp; sourceTree = "<group>"; };
		8F3296E62487FB2E00A0D11E /* 1029. Two City Scheduling */ = {isa = PBXFileReference; explicitFileType = "compiled.mach-o.executable"; includeInIndex = 0; path = "1029. Two City Scheduling"; sourceTree = BUILT_PRODUCTS_DIR; };
		8F3296E82487FB2E00A0D11E /* main.cpp */ = {isa = PBXFileReference; lastKnownFileType = sourcecode.cpp.cpp; path = main.cpp; sourceTree = "<group>"; };
		8F3296F12488363A00A0D11E /* 74. Search a 2D Matrix */ = {isa = PBXFileReference; explicitFileType = "compiled.mach-o.executable"; includeInIndex = 0; path = "74. Search a 2D Matrix"; sourceTree = BUILT_PRODUCTS_DIR; };
		8F3296F32488363A00A0D11E /* main.cpp */ = {isa = PBXFileReference; lastKnownFileType = sourcecode.cpp.cpp; path = main.cpp; sourceTree = "<group>"; };
		8F3296FC24883CC300A0D11E /* 668. Kth Smallest Number in Multiplication Table */ = {isa = PBXFileReference; explicitFileType = "compiled.mach-o.executable"; includeInIndex = 0; path = "668. Kth Smallest Number in Multiplication Table"; sourceTree = BUILT_PRODUCTS_DIR; };
		8F3296FE24883CC300A0D11E /* main.cpp */ = {isa = PBXFileReference; lastKnownFileType = sourcecode.cpp.cpp; path = main.cpp; sourceTree = "<group>"; };
		8F3297292488B9FA00A0D11E /* 300. Longest Increasing Subsequence */ = {isa = PBXFileReference; explicitFileType = "compiled.mach-o.executable"; includeInIndex = 0; path = "300. Longest Increasing Subsequence"; sourceTree = BUILT_PRODUCTS_DIR; };
		8F32972B2488B9FA00A0D11E /* main.cpp */ = {isa = PBXFileReference; lastKnownFileType = sourcecode.cpp.cpp; path = main.cpp; sourceTree = "<group>"; };
		8F3297352488C2A100A0D11E /* 416. Partition Equal Subset Sum */ = {isa = PBXFileReference; explicitFileType = "compiled.mach-o.executable"; includeInIndex = 0; path = "416. Partition Equal Subset Sum"; sourceTree = BUILT_PRODUCTS_DIR; };
		8F3297372488C2A100A0D11E /* main.cpp */ = {isa = PBXFileReference; lastKnownFileType = sourcecode.cpp.cpp; path = main.cpp; sourceTree = "<group>"; };
		8F32975F2489923E00A0D11E /* 344. Reverse String */ = {isa = PBXFileReference; explicitFileType = "compiled.mach-o.executable"; includeInIndex = 0; path = "344. Reverse String"; sourceTree = BUILT_PRODUCTS_DIR; };
		8F3297612489923E00A0D11E /* main.cpp */ = {isa = PBXFileReference; lastKnownFileType = sourcecode.cpp.cpp; path = main.cpp; sourceTree = "<group>"; };
		8F32976A248999AC00A0D11E /* GTS Practice */ = {isa = PBXFileReference; explicitFileType = "compiled.mach-o.executable"; includeInIndex = 0; path = "GTS Practice"; sourceTree = BUILT_PRODUCTS_DIR; };
		8F32976C248999AC00A0D11E /* main.cpp */ = {isa = PBXFileReference; lastKnownFileType = sourcecode.cpp.cpp; path = main.cpp; sourceTree = "<group>"; };
		8F3297752489CA8200A0D11E /* 1128. Number of Equivalent Domino Pairs */ = {isa = PBXFileReference; explicitFileType = "compiled.mach-o.executable"; includeInIndex = 0; path = "1128. Number of Equivalent Domino Pairs"; sourceTree = BUILT_PRODUCTS_DIR; };
		8F3297772489CA8200A0D11E /* main.cpp */ = {isa = PBXFileReference; lastKnownFileType = sourcecode.cpp.cpp; path = main.cpp; sourceTree = "<group>"; };
		8F329781248AAB0500A0D11E /* 528. Random Pick with Weight */ = {isa = PBXFileReference; explicitFileType = "compiled.mach-o.executable"; includeInIndex = 0; path = "528. Random Pick with Weight"; sourceTree = BUILT_PRODUCTS_DIR; };
		8F329783248AAB0500A0D11E /* main.cpp */ = {isa = PBXFileReference; lastKnownFileType = sourcecode.cpp.cpp; path = main.cpp; sourceTree = "<group>"; };
		8F32978C248AFAE700A0D11E /* 50. Pow(x, n) */ = {isa = PBXFileReference; explicitFileType = "compiled.mach-o.executable"; includeInIndex = 0; path = "50. Pow(x, n)"; sourceTree = BUILT_PRODUCTS_DIR; };
		8F32978E248AFAE800A0D11E /* main.cpp */ = {isa = PBXFileReference; lastKnownFileType = sourcecode.cpp.cpp; path = main.cpp; sourceTree = "<group>"; };
		8F329797248B2A9A00A0D11E /* 14. Longest Common Prefix */ = {isa = PBXFileReference; explicitFileType = "compiled.mach-o.executable"; includeInIndex = 0; path = "14. Longest Common Prefix"; sourceTree = BUILT_PRODUCTS_DIR; };
		8F329799248B2A9A00A0D11E /* main.cpp */ = {isa = PBXFileReference; lastKnownFileType = sourcecode.cpp.cpp; path = main.cpp; sourceTree = "<group>"; };
		8F3297A2248B52B200A0D11E /* 739. Daily Temperatures */ = {isa = PBXFileReference; explicitFileType = "compiled.mach-o.executable"; includeInIndex = 0; path = "739. Daily Temperatures"; sourceTree = BUILT_PRODUCTS_DIR; };
		8F3297A4248B52B200A0D11E /* main.cpp */ = {isa = PBXFileReference; lastKnownFileType = sourcecode.cpp.cpp; path = main.cpp; sourceTree = "<group>"; };
		8F3297AD248B584F00A0D11E /* 986. Interval List Intersections */ = {isa = PBXFileReference; explicitFileType = "compiled.mach-o.executable"; includeInIndex = 0; path = "986. Interval List Intersections"; sourceTree = BUILT_PRODUCTS_DIR; };
		8F3297AF248B584F00A0D11E /* main.cpp */ = {isa = PBXFileReference; lastKnownFileType = sourcecode.cpp.cpp; path = main.cpp; sourceTree = "<group>"; };
		8F3297B8248BF30100A0D11E /* 406. Queue Reconstruction by Height */ = {isa = PBXFileReference; explicitFileType = "compiled.mach-o.executable"; includeInIndex = 0; path = "406. Queue Reconstruction by Height"; sourceTree = BUILT_PRODUCTS_DIR; };
		8F3297BA248BF30100A0D11E /* main.cpp */ = {isa = PBXFileReference; lastKnownFileType = sourcecode.cpp.cpp; path = main.cpp; sourceTree = "<group>"; };
		8F3297C3248BFC3D00A0D11E /* 101. Symmetric Tree */ = {isa = PBXFileReference; explicitFileType = "compiled.mach-o.executable"; includeInIndex = 0; path = "101. Symmetric Tree"; sourceTree = BUILT_PRODUCTS_DIR; };
		8F3297C5248BFC3D00A0D11E /* main.cpp */ = {isa = PBXFileReference; lastKnownFileType = sourcecode.cpp.cpp; path = main.cpp; sourceTree = "<group>"; };
		8F3297CE248C0D8800A0D11E /* 463. Island Perimeter */ = {isa = PBXFileReference; explicitFileType = "compiled.mach-o.executable"; includeInIndex = 0; path = "463. Island Perimeter"; sourceTree = BUILT_PRODUCTS_DIR; };
		8F3297D0248C0D8800A0D11E /* main.cpp */ = {isa = PBXFileReference; lastKnownFileType = sourcecode.cpp.cpp; path = main.cpp; sourceTree = "<group>"; };
		8F3297D9248C5CD800A0D11E /* 1465. Maximum Area of a Piece of Cake After Horizontal and Vertical Cuts */ = {isa = PBXFileReference; explicitFileType = "compiled.mach-o.executable"; includeInIndex = 0; path = "1465. Maximum Area of a Piece of Cake After Horizontal and Vertical Cuts"; sourceTree = BUILT_PRODUCTS_DIR; };
		8F3297DB248C5CD800A0D11E /* main.cpp */ = {isa = PBXFileReference; lastKnownFileType = sourcecode.cpp.cpp; path = main.cpp; sourceTree = "<group>"; };
		8F3297E4248C5D1500A0D11E /* 1466. Reorder Routes to Make All Paths Lead to the City Zero */ = {isa = PBXFileReference; explicitFileType = "compiled.mach-o.executable"; includeInIndex = 0; path = "1466. Reorder Routes to Make All Paths Lead to the City Zero"; sourceTree = BUILT_PRODUCTS_DIR; };
		8F3297E6248C5D1500A0D11E /* main.cpp */ = {isa = PBXFileReference; lastKnownFileType = sourcecode.cpp.cpp; path = main.cpp; sourceTree = "<group>"; };
		8F3297EF248D2C4E00A0D11E /* 518. Coin Change 2 */ = {isa = PBXFileReference; explicitFileType = "compiled.mach-o.executable"; includeInIndex = 0; path = "518. Coin Change 2"; sourceTree = BUILT_PRODUCTS_DIR; };
		8F3297F1248D2C4E00A0D11E /* main.cpp */ = {isa = PBXFileReference; lastKnownFileType = sourcecode.cpp.cpp; path = main.cpp; sourceTree = "<group>"; };
/* End PBXFileReference section */

/* Begin PBXFrameworksBuildPhase section */
		8F3295532481E01900A0D11E /* Frameworks */ = {
			isa = PBXFrameworksBuildPhase;
			buildActionMask = 2147483647;
			files = (
			);
			runOnlyForDeploymentPostprocessing = 0;
		};
		8F3296C22485ADA000A0D11E /* Frameworks */ = {
			isa = PBXFrameworksBuildPhase;
			buildActionMask = 2147483647;
			files = (
			);
			runOnlyForDeploymentPostprocessing = 0;
		};
		8F3296CD2486B43A00A0D11E /* Frameworks */ = {
			isa = PBXFrameworksBuildPhase;
			buildActionMask = 2147483647;
			files = (
			);
			runOnlyForDeploymentPostprocessing = 0;
		};
		8F3296D82486FA2700A0D11E /* Frameworks */ = {
			isa = PBXFrameworksBuildPhase;
			buildActionMask = 2147483647;
			files = (
			);
			runOnlyForDeploymentPostprocessing = 0;
		};
		8F3296E32487FB2E00A0D11E /* Frameworks */ = {
			isa = PBXFrameworksBuildPhase;
			buildActionMask = 2147483647;
			files = (
			);
			runOnlyForDeploymentPostprocessing = 0;
		};
		8F3296EE2488363A00A0D11E /* Frameworks */ = {
			isa = PBXFrameworksBuildPhase;
			buildActionMask = 2147483647;
			files = (
			);
			runOnlyForDeploymentPostprocessing = 0;
		};
		8F3296F924883CC300A0D11E /* Frameworks */ = {
			isa = PBXFrameworksBuildPhase;
			buildActionMask = 2147483647;
			files = (
			);
			runOnlyForDeploymentPostprocessing = 0;
		};
		8F3297262488B9FA00A0D11E /* Frameworks */ = {
			isa = PBXFrameworksBuildPhase;
			buildActionMask = 2147483647;
			files = (
			);
			runOnlyForDeploymentPostprocessing = 0;
		};
		8F3297322488C2A100A0D11E /* Frameworks */ = {
			isa = PBXFrameworksBuildPhase;
			buildActionMask = 2147483647;
			files = (
			);
			runOnlyForDeploymentPostprocessing = 0;
		};
		8F32975C2489923E00A0D11E /* Frameworks */ = {
			isa = PBXFrameworksBuildPhase;
			buildActionMask = 2147483647;
			files = (
			);
			runOnlyForDeploymentPostprocessing = 0;
		};
		8F329767248999AC00A0D11E /* Frameworks */ = {
			isa = PBXFrameworksBuildPhase;
			buildActionMask = 2147483647;
			files = (
			);
			runOnlyForDeploymentPostprocessing = 0;
		};
		8F3297722489CA8200A0D11E /* Frameworks */ = {
			isa = PBXFrameworksBuildPhase;
			buildActionMask = 2147483647;
			files = (
			);
			runOnlyForDeploymentPostprocessing = 0;
		};
		8F32977E248AAB0500A0D11E /* Frameworks */ = {
			isa = PBXFrameworksBuildPhase;
			buildActionMask = 2147483647;
			files = (
			);
			runOnlyForDeploymentPostprocessing = 0;
		};
		8F329789248AFAE700A0D11E /* Frameworks */ = {
			isa = PBXFrameworksBuildPhase;
			buildActionMask = 2147483647;
			files = (
			);
			runOnlyForDeploymentPostprocessing = 0;
		};
		8F329794248B2A9A00A0D11E /* Frameworks */ = {
			isa = PBXFrameworksBuildPhase;
			buildActionMask = 2147483647;
			files = (
			);
			runOnlyForDeploymentPostprocessing = 0;
		};
		8F32979F248B52B200A0D11E /* Frameworks */ = {
			isa = PBXFrameworksBuildPhase;
			buildActionMask = 2147483647;
			files = (
			);
			runOnlyForDeploymentPostprocessing = 0;
		};
		8F3297AA248B584F00A0D11E /* Frameworks */ = {
			isa = PBXFrameworksBuildPhase;
			buildActionMask = 2147483647;
			files = (
			);
			runOnlyForDeploymentPostprocessing = 0;
		};
		8F3297B5248BF30100A0D11E /* Frameworks */ = {
			isa = PBXFrameworksBuildPhase;
			buildActionMask = 2147483647;
			files = (
			);
			runOnlyForDeploymentPostprocessing = 0;
		};
		8F3297C0248BFC3D00A0D11E /* Frameworks */ = {
			isa = PBXFrameworksBuildPhase;
			buildActionMask = 2147483647;
			files = (
			);
			runOnlyForDeploymentPostprocessing = 0;
		};
		8F3297CB248C0D8800A0D11E /* Frameworks */ = {
			isa = PBXFrameworksBuildPhase;
			buildActionMask = 2147483647;
			files = (
			);
			runOnlyForDeploymentPostprocessing = 0;
		};
		8F3297D6248C5CD800A0D11E /* Frameworks */ = {
			isa = PBXFrameworksBuildPhase;
			buildActionMask = 2147483647;
			files = (
			);
			runOnlyForDeploymentPostprocessing = 0;
		};
		8F3297E1248C5D1500A0D11E /* Frameworks */ = {
			isa = PBXFrameworksBuildPhase;
			buildActionMask = 2147483647;
			files = (
			);
			runOnlyForDeploymentPostprocessing = 0;
		};
		8F3297EC248D2C4E00A0D11E /* Frameworks */ = {
			isa = PBXFrameworksBuildPhase;
			buildActionMask = 2147483647;
			files = (
			);
			runOnlyForDeploymentPostprocessing = 0;
		};
/* End PBXFrameworksBuildPhase section */

/* Begin PBXGroup section */
		8F32953F2481DFFC00A0D11E = {
			isa = PBXGroup;
			children = (
				8F3295572481E01900A0D11E /* 136. Single Number */,
				8F3296C62485ADA000A0D11E /* 1. Two Sum */,
				8F3296D12486B43A00A0D11E /* 237. Delete Node in a Linked List */,
				8F3296DC2486FA2700A0D11E /* 34. Find First and Last Position of Element in Sorted Array */,
				8F3296E72487FB2E00A0D11E /* 1029. Two City Scheduling */,
				8F3296F22488363A00A0D11E /* 74. Search a 2D Matrix */,
				8F3296FD24883CC300A0D11E /* 668. Kth Smallest Number in Multiplication Table */,
				8F32972A2488B9FA00A0D11E /* 300. Longest Increasing Subsequence */,
				8F3297362488C2A100A0D11E /* 416. Partition Equal Subset Sum */,
				8F3297602489923E00A0D11E /* 344. Reverse String */,
				8F32976B248999AC00A0D11E /* GTS Practice */,
				8F3297762489CA8200A0D11E /* 1128. Number of Equivalent Domino Pairs */,
				8F329782248AAB0500A0D11E /* 528. Random Pick with Weight */,
				8F32978D248AFAE800A0D11E /* 50. Pow(x, n) */,
				8F329798248B2A9A00A0D11E /* 14. Longest Common Prefix */,
				8F3297A3248B52B200A0D11E /* 739. Daily Temperatures */,
				8F3297AE248B584F00A0D11E /* 986. Interval List Intersections */,
				8F3297B9248BF30100A0D11E /* 406. Queue Reconstruction by Height */,
				8F3297C4248BFC3D00A0D11E /* 101. Symmetric Tree */,
				8F3297CF248C0D8800A0D11E /* 463. Island Perimeter */,
				8F3297DA248C5CD800A0D11E /* 1465. Maximum Area of a Piece of Cake After Horizontal and Vertical Cuts */,
				8F3297E5248C5D1500A0D11E /* 1466. Reorder Routes to Make All Paths Lead to the City Zero */,
				8F3297F0248D2C4E00A0D11E /* 518. Coin Change 2 */,
				8F3295492481DFFC00A0D11E /* Products */,
			);
			sourceTree = "<group>";
		};
		8F3295492481DFFC00A0D11E /* Products */ = {
			isa = PBXGroup;
			children = (
				8F3295562481E01900A0D11E /* 136. Single Number */,
				8F3296C52485ADA000A0D11E /* 1. Two Sum */,
				8F3296D02486B43A00A0D11E /* 237. Delete Node in a Linked List */,
				8F3296DB2486FA2700A0D11E /* 34. Find First and Last Position of Element in Sorted Array */,
				8F3296E62487FB2E00A0D11E /* 1029. Two City Scheduling */,
				8F3296F12488363A00A0D11E /* 74. Search a 2D Matrix */,
				8F3296FC24883CC300A0D11E /* 668. Kth Smallest Number in Multiplication Table */,
				8F3297292488B9FA00A0D11E /* 300. Longest Increasing Subsequence */,
				8F3297352488C2A100A0D11E /* 416. Partition Equal Subset Sum */,
				8F32975F2489923E00A0D11E /* 344. Reverse String */,
				8F32976A248999AC00A0D11E /* GTS Practice */,
				8F3297752489CA8200A0D11E /* 1128. Number of Equivalent Domino Pairs */,
				8F329781248AAB0500A0D11E /* 528. Random Pick with Weight */,
				8F32978C248AFAE700A0D11E /* 50. Pow(x, n) */,
				8F329797248B2A9A00A0D11E /* 14. Longest Common Prefix */,
				8F3297A2248B52B200A0D11E /* 739. Daily Temperatures */,
				8F3297AD248B584F00A0D11E /* 986. Interval List Intersections */,
				8F3297B8248BF30100A0D11E /* 406. Queue Reconstruction by Height */,
				8F3297C3248BFC3D00A0D11E /* 101. Symmetric Tree */,
				8F3297CE248C0D8800A0D11E /* 463. Island Perimeter */,
				8F3297D9248C5CD800A0D11E /* 1465. Maximum Area of a Piece of Cake After Horizontal and Vertical Cuts */,
				8F3297E4248C5D1500A0D11E /* 1466. Reorder Routes to Make All Paths Lead to the City Zero */,
				8F3297EF248D2C4E00A0D11E /* 518. Coin Change 2 */,
			);
			name = Products;
			sourceTree = "<group>";
		};
		8F3295572481E01900A0D11E /* 136. Single Number */ = {
			isa = PBXGroup;
			children = (
				8F3295582481E01900A0D11E /* main.cpp */,
			);
			path = "136. Single Number";
			sourceTree = "<group>";
		};
		8F3296C62485ADA000A0D11E /* 1. Two Sum */ = {
			isa = PBXGroup;
			children = (
				8F3296C72485ADA000A0D11E /* main.cpp */,
			);
			path = "1. Two Sum";
			sourceTree = "<group>";
		};
		8F3296D12486B43A00A0D11E /* 237. Delete Node in a Linked List */ = {
			isa = PBXGroup;
			children = (
				8F3296D22486B43A00A0D11E /* main.cpp */,
			);
			path = "237. Delete Node in a Linked List";
			sourceTree = "<group>";
		};
		8F3296DC2486FA2700A0D11E /* 34. Find First and Last Position of Element in Sorted Array */ = {
			isa = PBXGroup;
			children = (
				8F3296DD2486FA2700A0D11E /* main.cpp */,
			);
			path = "34. Find First and Last Position of Element in Sorted Array";
			sourceTree = "<group>";
		};
		8F3296E72487FB2E00A0D11E /* 1029. Two City Scheduling */ = {
			isa = PBXGroup;
			children = (
				8F3296E82487FB2E00A0D11E /* main.cpp */,
			);
			path = "1029. Two City Scheduling";
			sourceTree = "<group>";
		};
		8F3296F22488363A00A0D11E /* 74. Search a 2D Matrix */ = {
			isa = PBXGroup;
			children = (
				8F3296F32488363A00A0D11E /* main.cpp */,
			);
			path = "74. Search a 2D Matrix";
			sourceTree = "<group>";
		};
		8F3296FD24883CC300A0D11E /* 668. Kth Smallest Number in Multiplication Table */ = {
			isa = PBXGroup;
			children = (
				8F3296FE24883CC300A0D11E /* main.cpp */,
			);
			path = "668. Kth Smallest Number in Multiplication Table";
			sourceTree = "<group>";
		};
		8F32972A2488B9FA00A0D11E /* 300. Longest Increasing Subsequence */ = {
			isa = PBXGroup;
			children = (
				8F32972B2488B9FA00A0D11E /* main.cpp */,
			);
			path = "300. Longest Increasing Subsequence";
			sourceTree = "<group>";
		};
		8F3297362488C2A100A0D11E /* 416. Partition Equal Subset Sum */ = {
			isa = PBXGroup;
			children = (
				8F3297372488C2A100A0D11E /* main.cpp */,
			);
			path = "416. Partition Equal Subset Sum";
			sourceTree = "<group>";
		};
		8F3297602489923E00A0D11E /* 344. Reverse String */ = {
			isa = PBXGroup;
			children = (
				8F3297612489923E00A0D11E /* main.cpp */,
			);
			path = "344. Reverse String";
			sourceTree = "<group>";
		};
		8F32976B248999AC00A0D11E /* GTS Practice */ = {
			isa = PBXGroup;
			children = (
				8F32976C248999AC00A0D11E /* main.cpp */,
			);
			path = "GTS Practice";
			sourceTree = "<group>";
		};
		8F3297762489CA8200A0D11E /* 1128. Number of Equivalent Domino Pairs */ = {
			isa = PBXGroup;
			children = (
				8F3297772489CA8200A0D11E /* main.cpp */,
			);
			path = "1128. Number of Equivalent Domino Pairs";
			sourceTree = "<group>";
		};
		8F329782248AAB0500A0D11E /* 528. Random Pick with Weight */ = {
			isa = PBXGroup;
			children = (
				8F329783248AAB0500A0D11E /* main.cpp */,
			);
			path = "528. Random Pick with Weight";
			sourceTree = "<group>";
		};
		8F32978D248AFAE800A0D11E /* 50. Pow(x, n) */ = {
			isa = PBXGroup;
			children = (
				8F32978E248AFAE800A0D11E /* main.cpp */,
			);
			path = "50. Pow(x, n)";
			sourceTree = "<group>";
		};
		8F329798248B2A9A00A0D11E /* 14. Longest Common Prefix */ = {
			isa = PBXGroup;
			children = (
				8F329799248B2A9A00A0D11E /* main.cpp */,
			);
			path = "14. Longest Common Prefix";
			sourceTree = "<group>";
		};
		8F3297A3248B52B200A0D11E /* 739. Daily Temperatures */ = {
			isa = PBXGroup;
			children = (
				8F3297A4248B52B200A0D11E /* main.cpp */,
			);
			path = "739. Daily Temperatures";
			sourceTree = "<group>";
		};
		8F3297AE248B584F00A0D11E /* 986. Interval List Intersections */ = {
			isa = PBXGroup;
			children = (
				8F3297AF248B584F00A0D11E /* main.cpp */,
			);
			path = "986. Interval List Intersections";
			sourceTree = "<group>";
		};
		8F3297B9248BF30100A0D11E /* 406. Queue Reconstruction by Height */ = {
			isa = PBXGroup;
			children = (
				8F3297BA248BF30100A0D11E /* main.cpp */,
			);
			path = "406. Queue Reconstruction by Height";
			sourceTree = "<group>";
		};
		8F3297C4248BFC3D00A0D11E /* 101. Symmetric Tree */ = {
			isa = PBXGroup;
			children = (
				8F3297C5248BFC3D00A0D11E /* main.cpp */,
			);
			path = "101. Symmetric Tree";
			sourceTree = "<group>";
		};
		8F3297CF248C0D8800A0D11E /* 463. Island Perimeter */ = {
			isa = PBXGroup;
			children = (
				8F3297D0248C0D8800A0D11E /* main.cpp */,
			);
			path = "463. Island Perimeter";
			sourceTree = "<group>";
		};
		8F3297DA248C5CD800A0D11E /* 1465. Maximum Area of a Piece of Cake After Horizontal and Vertical Cuts */ = {
			isa = PBXGroup;
			children = (
				8F3297DB248C5CD800A0D11E /* main.cpp */,
			);
			path = "1465. Maximum Area of a Piece of Cake After Horizontal and Vertical Cuts";
			sourceTree = "<group>";
		};
		8F3297E5248C5D1500A0D11E /* 1466. Reorder Routes to Make All Paths Lead to the City Zero */ = {
			isa = PBXGroup;
			children = (
				8F3297E6248C5D1500A0D11E /* main.cpp */,
			);
			path = "1466. Reorder Routes to Make All Paths Lead to the City Zero";
			sourceTree = "<group>";
		};
		8F3297F0248D2C4E00A0D11E /* 518. Coin Change 2 */ = {
			isa = PBXGroup;
			children = (
				8F3297F1248D2C4E00A0D11E /* main.cpp */,
			);
			path = "518. Coin Change 2";
			sourceTree = "<group>";
		};
/* End PBXGroup section */

/* Begin PBXNativeTarget section */
		8F3295552481E01900A0D11E /* 136. Single Number */ = {
			isa = PBXNativeTarget;
			buildConfigurationList = 8F32955A2481E01900A0D11E /* Build configuration list for PBXNativeTarget "136. Single Number" */;
			buildPhases = (
				8F3295522481E01900A0D11E /* Sources */,
				8F3295532481E01900A0D11E /* Frameworks */,
				8F3295542481E01900A0D11E /* CopyFiles */,
			);
			buildRules = (
			);
			dependencies = (
			);
			name = "136. Single Number";
			productName = "136. Single Number";
			productReference = 8F3295562481E01900A0D11E /* 136. Single Number */;
			productType = "com.apple.product-type.tool";
		};
		8F3296C42485ADA000A0D11E /* 1. Two Sum */ = {
			isa = PBXNativeTarget;
			buildConfigurationList = 8F3296CB2485ADA000A0D11E /* Build configuration list for PBXNativeTarget "1. Two Sum" */;
			buildPhases = (
				8F3296C12485ADA000A0D11E /* Sources */,
				8F3296C22485ADA000A0D11E /* Frameworks */,
				8F3296C32485ADA000A0D11E /* CopyFiles */,
			);
			buildRules = (
			);
			dependencies = (
			);
			name = "1. Two Sum";
			productName = "1. Two Sum";
			productReference = 8F3296C52485ADA000A0D11E /* 1. Two Sum */;
			productType = "com.apple.product-type.tool";
		};
		8F3296CF2486B43A00A0D11E /* 237. Delete Node in a Linked List */ = {
			isa = PBXNativeTarget;
			buildConfigurationList = 8F3296D62486B43A00A0D11E /* Build configuration list for PBXNativeTarget "237. Delete Node in a Linked List" */;
			buildPhases = (
				8F3296CC2486B43A00A0D11E /* Sources */,
				8F3296CD2486B43A00A0D11E /* Frameworks */,
				8F3296CE2486B43A00A0D11E /* CopyFiles */,
			);
			buildRules = (
			);
			dependencies = (
			);
			name = "237. Delete Node in a Linked List";
			productName = "237. Delete Node in a Linked List";
			productReference = 8F3296D02486B43A00A0D11E /* 237. Delete Node in a Linked List */;
			productType = "com.apple.product-type.tool";
		};
		8F3296DA2486FA2700A0D11E /* 34. Find First and Last Position of Element in Sorted Array */ = {
			isa = PBXNativeTarget;
			buildConfigurationList = 8F3296DF2486FA2700A0D11E /* Build configuration list for PBXNativeTarget "34. Find First and Last Position of Element in Sorted Array" */;
			buildPhases = (
				8F3296D72486FA2700A0D11E /* Sources */,
				8F3296D82486FA2700A0D11E /* Frameworks */,
				8F3296D92486FA2700A0D11E /* CopyFiles */,
			);
			buildRules = (
			);
			dependencies = (
			);
			name = "34. Find First and Last Position of Element in Sorted Array";
			productName = "34. Find First and Last Position of Element in Sorted Array";
			productReference = 8F3296DB2486FA2700A0D11E /* 34. Find First and Last Position of Element in Sorted Array */;
			productType = "com.apple.product-type.tool";
		};
		8F3296E52487FB2E00A0D11E /* 1029. Two City Scheduling */ = {
			isa = PBXNativeTarget;
			buildConfigurationList = 8F3296EA2487FB2E00A0D11E /* Build configuration list for PBXNativeTarget "1029. Two City Scheduling" */;
			buildPhases = (
				8F3296E22487FB2E00A0D11E /* Sources */,
				8F3296E32487FB2E00A0D11E /* Frameworks */,
				8F3296E42487FB2E00A0D11E /* CopyFiles */,
			);
			buildRules = (
			);
			dependencies = (
			);
			name = "1029. Two City Scheduling";
			productName = "1029. Two City Scheduling";
			productReference = 8F3296E62487FB2E00A0D11E /* 1029. Two City Scheduling */;
			productType = "com.apple.product-type.tool";
		};
		8F3296F02488363A00A0D11E /* 74. Search a 2D Matrix */ = {
			isa = PBXNativeTarget;
			buildConfigurationList = 8F3296F52488363A00A0D11E /* Build configuration list for PBXNativeTarget "74. Search a 2D Matrix" */;
			buildPhases = (
				8F3296ED2488363A00A0D11E /* Sources */,
				8F3296EE2488363A00A0D11E /* Frameworks */,
				8F3296EF2488363A00A0D11E /* CopyFiles */,
			);
			buildRules = (
			);
			dependencies = (
			);
			name = "74. Search a 2D Matrix";
			productName = "74. Search a 2D Matrix";
			productReference = 8F3296F12488363A00A0D11E /* 74. Search a 2D Matrix */;
			productType = "com.apple.product-type.tool";
		};
		8F3296FB24883CC300A0D11E /* 668. Kth Smallest Number in Multiplication Table */ = {
			isa = PBXNativeTarget;
			buildConfigurationList = 8F32970024883CC300A0D11E /* Build configuration list for PBXNativeTarget "668. Kth Smallest Number in Multiplication Table" */;
			buildPhases = (
				8F3296F824883CC300A0D11E /* Sources */,
				8F3296F924883CC300A0D11E /* Frameworks */,
				8F3296FA24883CC300A0D11E /* CopyFiles */,
			);
			buildRules = (
			);
			dependencies = (
			);
			name = "668. Kth Smallest Number in Multiplication Table";
			productName = "668. Kth Smallest Number in Multiplication Table";
			productReference = 8F3296FC24883CC300A0D11E /* 668. Kth Smallest Number in Multiplication Table */;
			productType = "com.apple.product-type.tool";
		};
		8F3297282488B9FA00A0D11E /* 300. Longest Increasing Subsequence */ = {
			isa = PBXNativeTarget;
			buildConfigurationList = 8F32972D2488B9FA00A0D11E /* Build configuration list for PBXNativeTarget "300. Longest Increasing Subsequence" */;
			buildPhases = (
				8F3297252488B9FA00A0D11E /* Sources */,
				8F3297262488B9FA00A0D11E /* Frameworks */,
				8F3297272488B9FA00A0D11E /* CopyFiles */,
			);
			buildRules = (
			);
			dependencies = (
			);
			name = "300. Longest Increasing Subsequence";
			productName = "300. Longest Increasing Subsequence";
			productReference = 8F3297292488B9FA00A0D11E /* 300. Longest Increasing Subsequence */;
			productType = "com.apple.product-type.tool";
		};
		8F3297342488C2A100A0D11E /* 416. Partition Equal Subset Sum */ = {
			isa = PBXNativeTarget;
			buildConfigurationList = 8F3297392488C2A100A0D11E /* Build configuration list for PBXNativeTarget "416. Partition Equal Subset Sum" */;
			buildPhases = (
				8F3297312488C2A100A0D11E /* Sources */,
				8F3297322488C2A100A0D11E /* Frameworks */,
				8F3297332488C2A100A0D11E /* CopyFiles */,
			);
			buildRules = (
			);
			dependencies = (
			);
			name = "416. Partition Equal Subset Sum";
			productName = "416. Partition Equal Subset Sum";
			productReference = 8F3297352488C2A100A0D11E /* 416. Partition Equal Subset Sum */;
			productType = "com.apple.product-type.tool";
		};
		8F32975E2489923E00A0D11E /* 344. Reverse String */ = {
			isa = PBXNativeTarget;
			buildConfigurationList = 8F3297632489923E00A0D11E /* Build configuration list for PBXNativeTarget "344. Reverse String" */;
			buildPhases = (
				8F32975B2489923E00A0D11E /* Sources */,
				8F32975C2489923E00A0D11E /* Frameworks */,
				8F32975D2489923E00A0D11E /* CopyFiles */,
			);
			buildRules = (
			);
			dependencies = (
			);
			name = "344. Reverse String";
			productName = "344. Reverse String";
			productReference = 8F32975F2489923E00A0D11E /* 344. Reverse String */;
			productType = "com.apple.product-type.tool";
		};
		8F329769248999AC00A0D11E /* GTS Practice */ = {
			isa = PBXNativeTarget;
			buildConfigurationList = 8F32976E248999AC00A0D11E /* Build configuration list for PBXNativeTarget "GTS Practice" */;
			buildPhases = (
				8F329766248999AC00A0D11E /* Sources */,
				8F329767248999AC00A0D11E /* Frameworks */,
				8F329768248999AC00A0D11E /* CopyFiles */,
			);
			buildRules = (
			);
			dependencies = (
			);
			name = "GTS Practice";
			productName = "GTS Practice";
			productReference = 8F32976A248999AC00A0D11E /* GTS Practice */;
			productType = "com.apple.product-type.tool";
		};
		8F3297742489CA8200A0D11E /* 1128. Number of Equivalent Domino Pairs */ = {
			isa = PBXNativeTarget;
			buildConfigurationList = 8F3297792489CA8200A0D11E /* Build configuration list for PBXNativeTarget "1128. Number of Equivalent Domino Pairs" */;
			buildPhases = (
				8F3297712489CA8200A0D11E /* Sources */,
				8F3297722489CA8200A0D11E /* Frameworks */,
				8F3297732489CA8200A0D11E /* CopyFiles */,
			);
			buildRules = (
			);
			dependencies = (
			);
			name = "1128. Number of Equivalent Domino Pairs";
			productName = "1128. Number of Equivalent Domino Pairs";
			productReference = 8F3297752489CA8200A0D11E /* 1128. Number of Equivalent Domino Pairs */;
			productType = "com.apple.product-type.tool";
		};
		8F329780248AAB0500A0D11E /* 528. Random Pick with Weight */ = {
			isa = PBXNativeTarget;
			buildConfigurationList = 8F329785248AAB0500A0D11E /* Build configuration list for PBXNativeTarget "528. Random Pick with Weight" */;
			buildPhases = (
				8F32977D248AAB0500A0D11E /* Sources */,
				8F32977E248AAB0500A0D11E /* Frameworks */,
				8F32977F248AAB0500A0D11E /* CopyFiles */,
			);
			buildRules = (
			);
			dependencies = (
			);
			name = "528. Random Pick with Weight";
			productName = "528. Random Pick with Weight";
			productReference = 8F329781248AAB0500A0D11E /* 528. Random Pick with Weight */;
			productType = "com.apple.product-type.tool";
		};
		8F32978B248AFAE700A0D11E /* 50. Pow(x, n) */ = {
			isa = PBXNativeTarget;
			buildConfigurationList = 8F329790248AFAE800A0D11E /* Build configuration list for PBXNativeTarget "50. Pow(x, n)" */;
			buildPhases = (
				8F329788248AFAE700A0D11E /* Sources */,
				8F329789248AFAE700A0D11E /* Frameworks */,
				8F32978A248AFAE700A0D11E /* CopyFiles */,
			);
			buildRules = (
			);
			dependencies = (
			);
			name = "50. Pow(x, n)";
			productName = "50. Pow(x, n)";
			productReference = 8F32978C248AFAE700A0D11E /* 50. Pow(x, n) */;
			productType = "com.apple.product-type.tool";
		};
		8F329796248B2A9A00A0D11E /* 14. Longest Common Prefix */ = {
			isa = PBXNativeTarget;
			buildConfigurationList = 8F32979B248B2A9A00A0D11E /* Build configuration list for PBXNativeTarget "14. Longest Common Prefix" */;
			buildPhases = (
				8F329793248B2A9A00A0D11E /* Sources */,
				8F329794248B2A9A00A0D11E /* Frameworks */,
				8F329795248B2A9A00A0D11E /* CopyFiles */,
			);
			buildRules = (
			);
			dependencies = (
			);
			name = "14. Longest Common Prefix";
			productName = "14. Longest Common Prefix";
			productReference = 8F329797248B2A9A00A0D11E /* 14. Longest Common Prefix */;
			productType = "com.apple.product-type.tool";
		};
		8F3297A1248B52B200A0D11E /* 739. Daily Temperatures */ = {
			isa = PBXNativeTarget;
			buildConfigurationList = 8F3297A6248B52B200A0D11E /* Build configuration list for PBXNativeTarget "739. Daily Temperatures" */;
			buildPhases = (
				8F32979E248B52B200A0D11E /* Sources */,
				8F32979F248B52B200A0D11E /* Frameworks */,
				8F3297A0248B52B200A0D11E /* CopyFiles */,
			);
			buildRules = (
			);
			dependencies = (
			);
			name = "739. Daily Temperatures";
			productName = "739. Daily Temperatures";
			productReference = 8F3297A2248B52B200A0D11E /* 739. Daily Temperatures */;
			productType = "com.apple.product-type.tool";
		};
		8F3297AC248B584F00A0D11E /* 986. Interval List Intersections */ = {
			isa = PBXNativeTarget;
			buildConfigurationList = 8F3297B1248B584F00A0D11E /* Build configuration list for PBXNativeTarget "986. Interval List Intersections" */;
			buildPhases = (
				8F3297A9248B584F00A0D11E /* Sources */,
				8F3297AA248B584F00A0D11E /* Frameworks */,
				8F3297AB248B584F00A0D11E /* CopyFiles */,
			);
			buildRules = (
			);
			dependencies = (
			);
			name = "986. Interval List Intersections";
			productName = "986. Interval List Intersections";
			productReference = 8F3297AD248B584F00A0D11E /* 986. Interval List Intersections */;
			productType = "com.apple.product-type.tool";
		};
		8F3297B7248BF30100A0D11E /* 406. Queue Reconstruction by Height */ = {
			isa = PBXNativeTarget;
			buildConfigurationList = 8F3297BC248BF30100A0D11E /* Build configuration list for PBXNativeTarget "406. Queue Reconstruction by Height" */;
			buildPhases = (
				8F3297B4248BF30100A0D11E /* Sources */,
				8F3297B5248BF30100A0D11E /* Frameworks */,
				8F3297B6248BF30100A0D11E /* CopyFiles */,
			);
			buildRules = (
			);
			dependencies = (
			);
			name = "406. Queue Reconstruction by Height";
			productName = "406. Queue Reconstruction by Height";
			productReference = 8F3297B8248BF30100A0D11E /* 406. Queue Reconstruction by Height */;
			productType = "com.apple.product-type.tool";
		};
		8F3297C2248BFC3D00A0D11E /* 101. Symmetric Tree */ = {
			isa = PBXNativeTarget;
			buildConfigurationList = 8F3297C7248BFC3D00A0D11E /* Build configuration list for PBXNativeTarget "101. Symmetric Tree" */;
			buildPhases = (
				8F3297BF248BFC3D00A0D11E /* Sources */,
				8F3297C0248BFC3D00A0D11E /* Frameworks */,
				8F3297C1248BFC3D00A0D11E /* CopyFiles */,
			);
			buildRules = (
			);
			dependencies = (
			);
			name = "101. Symmetric Tree";
			productName = "101. Symmetric Tree";
			productReference = 8F3297C3248BFC3D00A0D11E /* 101. Symmetric Tree */;
			productType = "com.apple.product-type.tool";
		};
		8F3297CD248C0D8800A0D11E /* 463. Island Perimeter */ = {
			isa = PBXNativeTarget;
			buildConfigurationList = 8F3297D2248C0D8800A0D11E /* Build configuration list for PBXNativeTarget "463. Island Perimeter" */;
			buildPhases = (
				8F3297CA248C0D8800A0D11E /* Sources */,
				8F3297CB248C0D8800A0D11E /* Frameworks */,
				8F3297CC248C0D8800A0D11E /* CopyFiles */,
			);
			buildRules = (
			);
			dependencies = (
			);
			name = "463. Island Perimeter";
			productName = "463. Island Perimeter";
			productReference = 8F3297CE248C0D8800A0D11E /* 463. Island Perimeter */;
			productType = "com.apple.product-type.tool";
		};
		8F3297D8248C5CD800A0D11E /* 1465. Maximum Area of a Piece of Cake After Horizontal and Vertical Cuts */ = {
			isa = PBXNativeTarget;
			buildConfigurationList = 8F3297DF248C5CD800A0D11E /* Build configuration list for PBXNativeTarget "1465. Maximum Area of a Piece of Cake After Horizontal and Vertical Cuts" */;
			buildPhases = (
				8F3297D5248C5CD800A0D11E /* Sources */,
				8F3297D6248C5CD800A0D11E /* Frameworks */,
				8F3297D7248C5CD800A0D11E /* CopyFiles */,
			);
			buildRules = (
			);
			dependencies = (
			);
			name = "1465. Maximum Area of a Piece of Cake After Horizontal and Vertical Cuts";
			productName = "1465. Maximum Area of a Piece of Cake After Horizontal and Vertical Cuts";
			productReference = 8F3297D9248C5CD800A0D11E /* 1465. Maximum Area of a Piece of Cake After Horizontal and Vertical Cuts */;
			productType = "com.apple.product-type.tool";
		};
		8F3297E3248C5D1500A0D11E /* 1466. Reorder Routes to Make All Paths Lead to the City Zero */ = {
			isa = PBXNativeTarget;
			buildConfigurationList = 8F3297E8248C5D1500A0D11E /* Build configuration list for PBXNativeTarget "1466. Reorder Routes to Make All Paths Lead to the City Zero" */;
			buildPhases = (
				8F3297E0248C5D1500A0D11E /* Sources */,
				8F3297E1248C5D1500A0D11E /* Frameworks */,
				8F3297E2248C5D1500A0D11E /* CopyFiles */,
			);
			buildRules = (
			);
			dependencies = (
			);
			name = "1466. Reorder Routes to Make All Paths Lead to the City Zero";
			productName = "1466. Reorder Routes to Make All Paths Lead to the City Zero";
			productReference = 8F3297E4248C5D1500A0D11E /* 1466. Reorder Routes to Make All Paths Lead to the City Zero */;
			productType = "com.apple.product-type.tool";
		};
		8F3297EE248D2C4E00A0D11E /* 518. Coin Change 2 */ = {
			isa = PBXNativeTarget;
			buildConfigurationList = 8F3297F3248D2C4E00A0D11E /* Build configuration list for PBXNativeTarget "518. Coin Change 2" */;
			buildPhases = (
				8F3297EB248D2C4E00A0D11E /* Sources */,
				8F3297EC248D2C4E00A0D11E /* Frameworks */,
				8F3297ED248D2C4E00A0D11E /* CopyFiles */,
			);
			buildRules = (
			);
			dependencies = (
			);
			name = "518. Coin Change 2";
			productName = "518. Coin Change 2";
			productReference = 8F3297EF248D2C4E00A0D11E /* 518. Coin Change 2 */;
			productType = "com.apple.product-type.tool";
		};
/* End PBXNativeTarget section */

/* Begin PBXProject section */
		8F3295402481DFFC00A0D11E /* Project object */ = {
			isa = PBXProject;
			attributes = {
				LastUpgradeCheck = 1140;
				ORGANIZATIONNAME = "vincent xie";
				TargetAttributes = {
					8F3295552481E01900A0D11E = {
						CreatedOnToolsVersion = 11.4.1;
					};
					8F3296C42485ADA000A0D11E = {
						CreatedOnToolsVersion = 11.4.1;
					};
					8F3296CF2486B43A00A0D11E = {
						CreatedOnToolsVersion = 11.4.1;
					};
					8F3296DA2486FA2700A0D11E = {
						CreatedOnToolsVersion = 11.4.1;
					};
					8F3296E52487FB2E00A0D11E = {
						CreatedOnToolsVersion = 11.4.1;
					};
					8F3296F02488363A00A0D11E = {
						CreatedOnToolsVersion = 11.4.1;
					};
					8F3296FB24883CC300A0D11E = {
						CreatedOnToolsVersion = 11.4.1;
					};
					8F3297282488B9FA00A0D11E = {
						CreatedOnToolsVersion = 11.4.1;
					};
					8F3297342488C2A100A0D11E = {
						CreatedOnToolsVersion = 11.4.1;
					};
					8F32975E2489923E00A0D11E = {
						CreatedOnToolsVersion = 11.4.1;
					};
					8F329769248999AC00A0D11E = {
						CreatedOnToolsVersion = 11.4.1;
					};
					8F3297742489CA8200A0D11E = {
						CreatedOnToolsVersion = 11.4.1;
					};
					8F329780248AAB0500A0D11E = {
						CreatedOnToolsVersion = 11.4.1;
					};
					8F32978B248AFAE700A0D11E = {
						CreatedOnToolsVersion = 11.4.1;
					};
					8F329796248B2A9A00A0D11E = {
						CreatedOnToolsVersion = 11.4.1;
					};
					8F3297A1248B52B200A0D11E = {
						CreatedOnToolsVersion = 11.4.1;
					};
					8F3297AC248B584F00A0D11E = {
						CreatedOnToolsVersion = 11.4.1;
					};
					8F3297B7248BF30100A0D11E = {
						CreatedOnToolsVersion = 11.4.1;
					};
					8F3297C2248BFC3D00A0D11E = {
						CreatedOnToolsVersion = 11.4.1;
					};
					8F3297CD248C0D8800A0D11E = {
						CreatedOnToolsVersion = 11.4.1;
					};
					8F3297D8248C5CD800A0D11E = {
						CreatedOnToolsVersion = 11.4.1;
					};
					8F3297E3248C5D1500A0D11E = {
						CreatedOnToolsVersion = 11.4.1;
					};
					8F3297EE248D2C4E00A0D11E = {
						CreatedOnToolsVersion = 11.4.1;
					};
				};
			};
			buildConfigurationList = 8F3295432481DFFC00A0D11E /* Build configuration list for PBXProject "Problems_cpp" */;
			compatibilityVersion = "Xcode 9.3";
			developmentRegion = en;
			hasScannedForEncodings = 0;
			knownRegions = (
				en,
				Base,
			);
			mainGroup = 8F32953F2481DFFC00A0D11E;
			productRefGroup = 8F3295492481DFFC00A0D11E /* Products */;
			projectDirPath = "";
			projectRoot = "";
			targets = (
				8F3295552481E01900A0D11E /* 136. Single Number */,
				8F3296C42485ADA000A0D11E /* 1. Two Sum */,
				8F3296CF2486B43A00A0D11E /* 237. Delete Node in a Linked List */,
				8F3296DA2486FA2700A0D11E /* 34. Find First and Last Position of Element in Sorted Array */,
				8F3296E52487FB2E00A0D11E /* 1029. Two City Scheduling */,
				8F3296F02488363A00A0D11E /* 74. Search a 2D Matrix */,
				8F3296FB24883CC300A0D11E /* 668. Kth Smallest Number in Multiplication Table */,
				8F3297282488B9FA00A0D11E /* 300. Longest Increasing Subsequence */,
				8F3297342488C2A100A0D11E /* 416. Partition Equal Subset Sum */,
				8F32975E2489923E00A0D11E /* 344. Reverse String */,
				8F329769248999AC00A0D11E /* GTS Practice */,
				8F3297742489CA8200A0D11E /* 1128. Number of Equivalent Domino Pairs */,
				8F329780248AAB0500A0D11E /* 528. Random Pick with Weight */,
				8F32978B248AFAE700A0D11E /* 50. Pow(x, n) */,
				8F329796248B2A9A00A0D11E /* 14. Longest Common Prefix */,
				8F3297A1248B52B200A0D11E /* 739. Daily Temperatures */,
				8F3297AC248B584F00A0D11E /* 986. Interval List Intersections */,
				8F3297B7248BF30100A0D11E /* 406. Queue Reconstruction by Height */,
				8F3297C2248BFC3D00A0D11E /* 101. Symmetric Tree */,
				8F3297CD248C0D8800A0D11E /* 463. Island Perimeter */,
				8F3297D8248C5CD800A0D11E /* 1465. Maximum Area of a Piece of Cake After Horizontal and Vertical Cuts */,
				8F3297E3248C5D1500A0D11E /* 1466. Reorder Routes to Make All Paths Lead to the City Zero */,
				8F3297EE248D2C4E00A0D11E /* 518. Coin Change 2 */,
			);
		};
/* End PBXProject section */

/* Begin PBXSourcesBuildPhase section */
		8F3295522481E01900A0D11E /* Sources */ = {
			isa = PBXSourcesBuildPhase;
			buildActionMask = 2147483647;
			files = (
				8F3295592481E01900A0D11E /* main.cpp in Sources */,
			);
			runOnlyForDeploymentPostprocessing = 0;
		};
		8F3296C12485ADA000A0D11E /* Sources */ = {
			isa = PBXSourcesBuildPhase;
			buildActionMask = 2147483647;
			files = (
				8F3296C82485ADA000A0D11E /* main.cpp in Sources */,
			);
			runOnlyForDeploymentPostprocessing = 0;
		};
		8F3296CC2486B43A00A0D11E /* Sources */ = {
			isa = PBXSourcesBuildPhase;
			buildActionMask = 2147483647;
			files = (
				8F3296D32486B43A00A0D11E /* main.cpp in Sources */,
			);
			runOnlyForDeploymentPostprocessing = 0;
		};
		8F3296D72486FA2700A0D11E /* Sources */ = {
			isa = PBXSourcesBuildPhase;
			buildActionMask = 2147483647;
			files = (
				8F3296DE2486FA2700A0D11E /* main.cpp in Sources */,
			);
			runOnlyForDeploymentPostprocessing = 0;
		};
		8F3296E22487FB2E00A0D11E /* Sources */ = {
			isa = PBXSourcesBuildPhase;
			buildActionMask = 2147483647;
			files = (
				8F3296E92487FB2E00A0D11E /* main.cpp in Sources */,
			);
			runOnlyForDeploymentPostprocessing = 0;
		};
		8F3296ED2488363A00A0D11E /* Sources */ = {
			isa = PBXSourcesBuildPhase;
			buildActionMask = 2147483647;
			files = (
				8F3296F42488363A00A0D11E /* main.cpp in Sources */,
			);
			runOnlyForDeploymentPostprocessing = 0;
		};
		8F3296F824883CC300A0D11E /* Sources */ = {
			isa = PBXSourcesBuildPhase;
			buildActionMask = 2147483647;
			files = (
				8F3296FF24883CC300A0D11E /* main.cpp in Sources */,
			);
			runOnlyForDeploymentPostprocessing = 0;
		};
		8F3297252488B9FA00A0D11E /* Sources */ = {
			isa = PBXSourcesBuildPhase;
			buildActionMask = 2147483647;
			files = (
				8F32972C2488B9FA00A0D11E /* main.cpp in Sources */,
			);
			runOnlyForDeploymentPostprocessing = 0;
		};
		8F3297312488C2A100A0D11E /* Sources */ = {
			isa = PBXSourcesBuildPhase;
			buildActionMask = 2147483647;
			files = (
				8F3297382488C2A100A0D11E /* main.cpp in Sources */,
			);
			runOnlyForDeploymentPostprocessing = 0;
		};
		8F32975B2489923E00A0D11E /* Sources */ = {
			isa = PBXSourcesBuildPhase;
			buildActionMask = 2147483647;
			files = (
				8F3297622489923E00A0D11E /* main.cpp in Sources */,
			);
			runOnlyForDeploymentPostprocessing = 0;
		};
		8F329766248999AC00A0D11E /* Sources */ = {
			isa = PBXSourcesBuildPhase;
			buildActionMask = 2147483647;
			files = (
				8F32976D248999AC00A0D11E /* main.cpp in Sources */,
			);
			runOnlyForDeploymentPostprocessing = 0;
		};
		8F3297712489CA8200A0D11E /* Sources */ = {
			isa = PBXSourcesBuildPhase;
			buildActionMask = 2147483647;
			files = (
				8F3297782489CA8200A0D11E /* main.cpp in Sources */,
			);
			runOnlyForDeploymentPostprocessing = 0;
		};
		8F32977D248AAB0500A0D11E /* Sources */ = {
			isa = PBXSourcesBuildPhase;
			buildActionMask = 2147483647;
			files = (
				8F329784248AAB0500A0D11E /* main.cpp in Sources */,
			);
			runOnlyForDeploymentPostprocessing = 0;
		};
		8F329788248AFAE700A0D11E /* Sources */ = {
			isa = PBXSourcesBuildPhase;
			buildActionMask = 2147483647;
			files = (
				8F32978F248AFAE800A0D11E /* main.cpp in Sources */,
			);
			runOnlyForDeploymentPostprocessing = 0;
		};
		8F329793248B2A9A00A0D11E /* Sources */ = {
			isa = PBXSourcesBuildPhase;
			buildActionMask = 2147483647;
			files = (
				8F32979A248B2A9A00A0D11E /* main.cpp in Sources */,
			);
			runOnlyForDeploymentPostprocessing = 0;
		};
		8F32979E248B52B200A0D11E /* Sources */ = {
			isa = PBXSourcesBuildPhase;
			buildActionMask = 2147483647;
			files = (
				8F3297A5248B52B200A0D11E /* main.cpp in Sources */,
			);
			runOnlyForDeploymentPostprocessing = 0;
		};
		8F3297A9248B584F00A0D11E /* Sources */ = {
			isa = PBXSourcesBuildPhase;
			buildActionMask = 2147483647;
			files = (
				8F3297B0248B584F00A0D11E /* main.cpp in Sources */,
			);
			runOnlyForDeploymentPostprocessing = 0;
		};
		8F3297B4248BF30100A0D11E /* Sources */ = {
			isa = PBXSourcesBuildPhase;
			buildActionMask = 2147483647;
			files = (
				8F3297BB248BF30100A0D11E /* main.cpp in Sources */,
			);
			runOnlyForDeploymentPostprocessing = 0;
		};
		8F3297BF248BFC3D00A0D11E /* Sources */ = {
			isa = PBXSourcesBuildPhase;
			buildActionMask = 2147483647;
			files = (
				8F3297C6248BFC3D00A0D11E /* main.cpp in Sources */,
			);
			runOnlyForDeploymentPostprocessing = 0;
		};
		8F3297CA248C0D8800A0D11E /* Sources */ = {
			isa = PBXSourcesBuildPhase;
			buildActionMask = 2147483647;
			files = (
				8F3297D1248C0D8800A0D11E /* main.cpp in Sources */,
			);
			runOnlyForDeploymentPostprocessing = 0;
		};
		8F3297D5248C5CD800A0D11E /* Sources */ = {
			isa = PBXSourcesBuildPhase;
			buildActionMask = 2147483647;
			files = (
				8F3297DC248C5CD800A0D11E /* main.cpp in Sources */,
			);
			runOnlyForDeploymentPostprocessing = 0;
		};
		8F3297E0248C5D1500A0D11E /* Sources */ = {
			isa = PBXSourcesBuildPhase;
			buildActionMask = 2147483647;
			files = (
				8F3297E7248C5D1500A0D11E /* main.cpp in Sources */,
			);
			runOnlyForDeploymentPostprocessing = 0;
		};
		8F3297EB248D2C4E00A0D11E /* Sources */ = {
			isa = PBXSourcesBuildPhase;
			buildActionMask = 2147483647;
			files = (
				8F3297F2248D2C4E00A0D11E /* main.cpp in Sources */,
			);
			runOnlyForDeploymentPostprocessing = 0;
		};
/* End PBXSourcesBuildPhase section */

/* Begin XCBuildConfiguration section */
		8F32954D2481DFFC00A0D11E /* Debug */ = {
			isa = XCBuildConfiguration;
			buildSettings = {
				ALWAYS_SEARCH_USER_PATHS = NO;
				CLANG_ANALYZER_NONNULL = YES;
				CLANG_ANALYZER_NUMBER_OBJECT_CONVERSION = YES_AGGRESSIVE;
				CLANG_CXX_LANGUAGE_STANDARD = "gnu++14";
				CLANG_CXX_LIBRARY = "libc++";
				CLANG_ENABLE_MODULES = YES;
				CLANG_ENABLE_OBJC_ARC = YES;
				CLANG_ENABLE_OBJC_WEAK = YES;
				CLANG_WARN_BLOCK_CAPTURE_AUTORELEASING = YES;
				CLANG_WARN_BOOL_CONVERSION = YES;
				CLANG_WARN_COMMA = YES;
				CLANG_WARN_CONSTANT_CONVERSION = YES;
				CLANG_WARN_DEPRECATED_OBJC_IMPLEMENTATIONS = YES;
				CLANG_WARN_DIRECT_OBJC_ISA_USAGE = YES_ERROR;
				CLANG_WARN_DOCUMENTATION_COMMENTS = YES;
				CLANG_WARN_EMPTY_BODY = YES;
				CLANG_WARN_ENUM_CONVERSION = YES;
				CLANG_WARN_INFINITE_RECURSION = YES;
				CLANG_WARN_INT_CONVERSION = YES;
				CLANG_WARN_NON_LITERAL_NULL_CONVERSION = YES;
				CLANG_WARN_OBJC_IMPLICIT_RETAIN_SELF = YES;
				CLANG_WARN_OBJC_LITERAL_CONVERSION = YES;
				CLANG_WARN_OBJC_ROOT_CLASS = YES_ERROR;
				CLANG_WARN_RANGE_LOOP_ANALYSIS = YES;
				CLANG_WARN_STRICT_PROTOTYPES = YES;
				CLANG_WARN_SUSPICIOUS_MOVE = YES;
				CLANG_WARN_UNGUARDED_AVAILABILITY = YES_AGGRESSIVE;
				CLANG_WARN_UNREACHABLE_CODE = YES;
				CLANG_WARN__DUPLICATE_METHOD_MATCH = YES;
				COPY_PHASE_STRIP = NO;
				DEBUG_INFORMATION_FORMAT = dwarf;
				ENABLE_STRICT_OBJC_MSGSEND = YES;
				ENABLE_TESTABILITY = YES;
				GCC_C_LANGUAGE_STANDARD = gnu11;
				GCC_DYNAMIC_NO_PIC = NO;
				GCC_NO_COMMON_BLOCKS = YES;
				GCC_OPTIMIZATION_LEVEL = 0;
				GCC_PREPROCESSOR_DEFINITIONS = (
					"DEBUG=1",
					"$(inherited)",
				);
				GCC_WARN_64_TO_32_BIT_CONVERSION = YES;
				GCC_WARN_ABOUT_RETURN_TYPE = YES_ERROR;
				GCC_WARN_UNDECLARED_SELECTOR = YES;
				GCC_WARN_UNINITIALIZED_AUTOS = YES_AGGRESSIVE;
				GCC_WARN_UNUSED_FUNCTION = YES;
				GCC_WARN_UNUSED_VARIABLE = YES;
				MACOSX_DEPLOYMENT_TARGET = 10.15;
				MTL_ENABLE_DEBUG_INFO = INCLUDE_SOURCE;
				MTL_FAST_MATH = YES;
				ONLY_ACTIVE_ARCH = YES;
				SDKROOT = macosx;
			};
			name = Debug;
		};
		8F32954E2481DFFC00A0D11E /* Release */ = {
			isa = XCBuildConfiguration;
			buildSettings = {
				ALWAYS_SEARCH_USER_PATHS = NO;
				CLANG_ANALYZER_NONNULL = YES;
				CLANG_ANALYZER_NUMBER_OBJECT_CONVERSION = YES_AGGRESSIVE;
				CLANG_CXX_LANGUAGE_STANDARD = "gnu++14";
				CLANG_CXX_LIBRARY = "libc++";
				CLANG_ENABLE_MODULES = YES;
				CLANG_ENABLE_OBJC_ARC = YES;
				CLANG_ENABLE_OBJC_WEAK = YES;
				CLANG_WARN_BLOCK_CAPTURE_AUTORELEASING = YES;
				CLANG_WARN_BOOL_CONVERSION = YES;
				CLANG_WARN_COMMA = YES;
				CLANG_WARN_CONSTANT_CONVERSION = YES;
				CLANG_WARN_DEPRECATED_OBJC_IMPLEMENTATIONS = YES;
				CLANG_WARN_DIRECT_OBJC_ISA_USAGE = YES_ERROR;
				CLANG_WARN_DOCUMENTATION_COMMENTS = YES;
				CLANG_WARN_EMPTY_BODY = YES;
				CLANG_WARN_ENUM_CONVERSION = YES;
				CLANG_WARN_INFINITE_RECURSION = YES;
				CLANG_WARN_INT_CONVERSION = YES;
				CLANG_WARN_NON_LITERAL_NULL_CONVERSION = YES;
				CLANG_WARN_OBJC_IMPLICIT_RETAIN_SELF = YES;
				CLANG_WARN_OBJC_LITERAL_CONVERSION = YES;
				CLANG_WARN_OBJC_ROOT_CLASS = YES_ERROR;
				CLANG_WARN_RANGE_LOOP_ANALYSIS = YES;
				CLANG_WARN_STRICT_PROTOTYPES = YES;
				CLANG_WARN_SUSPICIOUS_MOVE = YES;
				CLANG_WARN_UNGUARDED_AVAILABILITY = YES_AGGRESSIVE;
				CLANG_WARN_UNREACHABLE_CODE = YES;
				CLANG_WARN__DUPLICATE_METHOD_MATCH = YES;
				COPY_PHASE_STRIP = NO;
				DEBUG_INFORMATION_FORMAT = "dwarf-with-dsym";
				ENABLE_NS_ASSERTIONS = NO;
				ENABLE_STRICT_OBJC_MSGSEND = YES;
				GCC_C_LANGUAGE_STANDARD = gnu11;
				GCC_NO_COMMON_BLOCKS = YES;
				GCC_WARN_64_TO_32_BIT_CONVERSION = YES;
				GCC_WARN_ABOUT_RETURN_TYPE = YES_ERROR;
				GCC_WARN_UNDECLARED_SELECTOR = YES;
				GCC_WARN_UNINITIALIZED_AUTOS = YES_AGGRESSIVE;
				GCC_WARN_UNUSED_FUNCTION = YES;
				GCC_WARN_UNUSED_VARIABLE = YES;
				MACOSX_DEPLOYMENT_TARGET = 10.15;
				MTL_ENABLE_DEBUG_INFO = NO;
				MTL_FAST_MATH = YES;
				SDKROOT = macosx;
			};
			name = Release;
		};
		8F32955B2481E01900A0D11E /* Debug */ = {
			isa = XCBuildConfiguration;
			buildSettings = {
				CODE_SIGN_STYLE = Automatic;
				PRODUCT_NAME = "$(TARGET_NAME)";
			};
			name = Debug;
		};
		8F32955C2481E01900A0D11E /* Release */ = {
			isa = XCBuildConfiguration;
			buildSettings = {
				CODE_SIGN_STYLE = Automatic;
				PRODUCT_NAME = "$(TARGET_NAME)";
			};
			name = Release;
		};
		8F3296C92485ADA000A0D11E /* Debug */ = {
			isa = XCBuildConfiguration;
			buildSettings = {
				CODE_SIGN_STYLE = Automatic;
				PRODUCT_NAME = "$(TARGET_NAME)";
			};
			name = Debug;
		};
		8F3296CA2485ADA000A0D11E /* Release */ = {
			isa = XCBuildConfiguration;
			buildSettings = {
				CODE_SIGN_STYLE = Automatic;
				PRODUCT_NAME = "$(TARGET_NAME)";
			};
			name = Release;
		};
		8F3296D42486B43A00A0D11E /* Debug */ = {
			isa = XCBuildConfiguration;
			buildSettings = {
				CODE_SIGN_STYLE = Automatic;
				PRODUCT_NAME = "$(TARGET_NAME)";
			};
			name = Debug;
		};
		8F3296D52486B43A00A0D11E /* Release */ = {
			isa = XCBuildConfiguration;
			buildSettings = {
				CODE_SIGN_STYLE = Automatic;
				PRODUCT_NAME = "$(TARGET_NAME)";
			};
			name = Release;
		};
		8F3296E02486FA2700A0D11E /* Debug */ = {
			isa = XCBuildConfiguration;
			buildSettings = {
				CODE_SIGN_STYLE = Automatic;
				PRODUCT_NAME = "$(TARGET_NAME)";
			};
			name = Debug;
		};
		8F3296E12486FA2700A0D11E /* Release */ = {
			isa = XCBuildConfiguration;
			buildSettings = {
				CODE_SIGN_STYLE = Automatic;
				PRODUCT_NAME = "$(TARGET_NAME)";
			};
			name = Release;
		};
		8F3296EB2487FB2E00A0D11E /* Debug */ = {
			isa = XCBuildConfiguration;
			buildSettings = {
				CODE_SIGN_STYLE = Automatic;
				PRODUCT_NAME = "$(TARGET_NAME)";
			};
			name = Debug;
		};
		8F3296EC2487FB2E00A0D11E /* Release */ = {
			isa = XCBuildConfiguration;
			buildSettings = {
				CODE_SIGN_STYLE = Automatic;
				PRODUCT_NAME = "$(TARGET_NAME)";
			};
			name = Release;
		};
		8F3296F62488363A00A0D11E /* Debug */ = {
			isa = XCBuildConfiguration;
			buildSettings = {
				CODE_SIGN_STYLE = Automatic;
				PRODUCT_NAME = "$(TARGET_NAME)";
			};
			name = Debug;
		};
		8F3296F72488363A00A0D11E /* Release */ = {
			isa = XCBuildConfiguration;
			buildSettings = {
				CODE_SIGN_STYLE = Automatic;
				PRODUCT_NAME = "$(TARGET_NAME)";
			};
			name = Release;
		};
		8F32970124883CC300A0D11E /* Debug */ = {
			isa = XCBuildConfiguration;
			buildSettings = {
				CODE_SIGN_STYLE = Automatic;
				PRODUCT_NAME = "$(TARGET_NAME)";
			};
			name = Debug;
		};
		8F32970224883CC300A0D11E /* Release */ = {
			isa = XCBuildConfiguration;
			buildSettings = {
				CODE_SIGN_STYLE = Automatic;
				PRODUCT_NAME = "$(TARGET_NAME)";
			};
			name = Release;
		};
		8F32972E2488B9FA00A0D11E /* Debug */ = {
			isa = XCBuildConfiguration;
			buildSettings = {
				CODE_SIGN_STYLE = Automatic;
				PRODUCT_NAME = "$(TARGET_NAME)";
			};
			name = Debug;
		};
		8F32972F2488B9FA00A0D11E /* Release */ = {
			isa = XCBuildConfiguration;
			buildSettings = {
				CODE_SIGN_STYLE = Automatic;
				PRODUCT_NAME = "$(TARGET_NAME)";
			};
			name = Release;
		};
		8F32973A2488C2A100A0D11E /* Debug */ = {
			isa = XCBuildConfiguration;
			buildSettings = {
				CODE_SIGN_STYLE = Automatic;
				PRODUCT_NAME = "$(TARGET_NAME)";
			};
			name = Debug;
		};
		8F32973B2488C2A100A0D11E /* Release */ = {
			isa = XCBuildConfiguration;
			buildSettings = {
				CODE_SIGN_STYLE = Automatic;
				PRODUCT_NAME = "$(TARGET_NAME)";
			};
			name = Release;
		};
		8F3297642489923E00A0D11E /* Debug */ = {
			isa = XCBuildConfiguration;
			buildSettings = {
				CODE_SIGN_STYLE = Automatic;
				PRODUCT_NAME = "$(TARGET_NAME)";
			};
			name = Debug;
		};
		8F3297652489923E00A0D11E /* Release */ = {
			isa = XCBuildConfiguration;
			buildSettings = {
				CODE_SIGN_STYLE = Automatic;
				PRODUCT_NAME = "$(TARGET_NAME)";
			};
			name = Release;
		};
		8F32976F248999AC00A0D11E /* Debug */ = {
			isa = XCBuildConfiguration;
			buildSettings = {
				CODE_SIGN_STYLE = Automatic;
				PRODUCT_NAME = "$(TARGET_NAME)";
			};
			name = Debug;
		};
		8F329770248999AC00A0D11E /* Release */ = {
			isa = XCBuildConfiguration;
			buildSettings = {
				CODE_SIGN_STYLE = Automatic;
				PRODUCT_NAME = "$(TARGET_NAME)";
			};
			name = Release;
		};
		8F32977A2489CA8200A0D11E /* Debug */ = {
			isa = XCBuildConfiguration;
			buildSettings = {
				CODE_SIGN_STYLE = Automatic;
				PRODUCT_NAME = "$(TARGET_NAME)";
			};
			name = Debug;
		};
		8F32977B2489CA8200A0D11E /* Release */ = {
			isa = XCBuildConfiguration;
			buildSettings = {
				CODE_SIGN_STYLE = Automatic;
				PRODUCT_NAME = "$(TARGET_NAME)";
			};
			name = Release;
		};
		8F329786248AAB0500A0D11E /* Debug */ = {
			isa = XCBuildConfiguration;
			buildSettings = {
				CODE_SIGN_STYLE = Automatic;
				PRODUCT_NAME = "$(TARGET_NAME)";
			};
			name = Debug;
		};
		8F329787248AAB0500A0D11E /* Release */ = {
			isa = XCBuildConfiguration;
			buildSettings = {
				CODE_SIGN_STYLE = Automatic;
				PRODUCT_NAME = "$(TARGET_NAME)";
			};
			name = Release;
		};
		8F329791248AFAE800A0D11E /* Debug */ = {
			isa = XCBuildConfiguration;
			buildSettings = {
				CODE_SIGN_STYLE = Automatic;
				PRODUCT_NAME = "$(TARGET_NAME)";
			};
			name = Debug;
		};
		8F329792248AFAE800A0D11E /* Release */ = {
			isa = XCBuildConfiguration;
			buildSettings = {
				CODE_SIGN_STYLE = Automatic;
				PRODUCT_NAME = "$(TARGET_NAME)";
			};
			name = Release;
		};
		8F32979C248B2A9A00A0D11E /* Debug */ = {
			isa = XCBuildConfiguration;
			buildSettings = {
				CODE_SIGN_STYLE = Automatic;
				PRODUCT_NAME = "$(TARGET_NAME)";
			};
			name = Debug;
		};
		8F32979D248B2A9A00A0D11E /* Release */ = {
			isa = XCBuildConfiguration;
			buildSettings = {
				CODE_SIGN_STYLE = Automatic;
				PRODUCT_NAME = "$(TARGET_NAME)";
			};
			name = Release;
		};
		8F3297A7248B52B200A0D11E /* Debug */ = {
			isa = XCBuildConfiguration;
			buildSettings = {
				CODE_SIGN_STYLE = Automatic;
				PRODUCT_NAME = "$(TARGET_NAME)";
			};
			name = Debug;
		};
		8F3297A8248B52B200A0D11E /* Release */ = {
			isa = XCBuildConfiguration;
			buildSettings = {
				CODE_SIGN_STYLE = Automatic;
				PRODUCT_NAME = "$(TARGET_NAME)";
			};
			name = Release;
		};
		8F3297B2248B584F00A0D11E /* Debug */ = {
			isa = XCBuildConfiguration;
			buildSettings = {
				CODE_SIGN_STYLE = Automatic;
				PRODUCT_NAME = "$(TARGET_NAME)";
			};
			name = Debug;
		};
		8F3297B3248B584F00A0D11E /* Release */ = {
			isa = XCBuildConfiguration;
			buildSettings = {
				CODE_SIGN_STYLE = Automatic;
				PRODUCT_NAME = "$(TARGET_NAME)";
			};
			name = Release;
		};
		8F3297BD248BF30100A0D11E /* Debug */ = {
			isa = XCBuildConfiguration;
			buildSettings = {
				CODE_SIGN_STYLE = Automatic;
				PRODUCT_NAME = "$(TARGET_NAME)";
			};
			name = Debug;
		};
		8F3297BE248BF30100A0D11E /* Release */ = {
			isa = XCBuildConfiguration;
			buildSettings = {
				CODE_SIGN_STYLE = Automatic;
				PRODUCT_NAME = "$(TARGET_NAME)";
			};
			name = Release;
		};
		8F3297C8248BFC3D00A0D11E /* Debug */ = {
			isa = XCBuildConfiguration;
			buildSettings = {
				CODE_SIGN_STYLE = Automatic;
				PRODUCT_NAME = "$(TARGET_NAME)";
			};
			name = Debug;
		};
		8F3297C9248BFC3D00A0D11E /* Release */ = {
			isa = XCBuildConfiguration;
			buildSettings = {
				CODE_SIGN_STYLE = Automatic;
				PRODUCT_NAME = "$(TARGET_NAME)";
			};
			name = Release;
		};
		8F3297D3248C0D8800A0D11E /* Debug */ = {
			isa = XCBuildConfiguration;
			buildSettings = {
				CODE_SIGN_STYLE = Automatic;
				PRODUCT_NAME = "$(TARGET_NAME)";
			};
			name = Debug;
		};
		8F3297D4248C0D8800A0D11E /* Release */ = {
			isa = XCBuildConfiguration;
			buildSettings = {
				CODE_SIGN_STYLE = Automatic;
				PRODUCT_NAME = "$(TARGET_NAME)";
			};
			name = Release;
		};
		8F3297DD248C5CD800A0D11E /* Debug */ = {
			isa = XCBuildConfiguration;
			buildSettings = {
				CODE_SIGN_STYLE = Automatic;
				PRODUCT_NAME = "$(TARGET_NAME)";
			};
			name = Debug;
		};
		8F3297DE248C5CD800A0D11E /* Release */ = {
			isa = XCBuildConfiguration;
			buildSettings = {
				CODE_SIGN_STYLE = Automatic;
				PRODUCT_NAME = "$(TARGET_NAME)";
			};
			name = Release;
		};
		8F3297E9248C5D1500A0D11E /* Debug */ = {
			isa = XCBuildConfiguration;
			buildSettings = {
				CODE_SIGN_STYLE = Automatic;
				PRODUCT_NAME = "$(TARGET_NAME)";
			};
			name = Debug;
		};
		8F3297EA248C5D1500A0D11E /* Release */ = {
			isa = XCBuildConfiguration;
			buildSettings = {
				CODE_SIGN_STYLE = Automatic;
				PRODUCT_NAME = "$(TARGET_NAME)";
			};
			name = Release;
		};
		8F3297F4248D2C4E00A0D11E /* Debug */ = {
			isa = XCBuildConfiguration;
			buildSettings = {
				CODE_SIGN_STYLE = Automatic;
				PRODUCT_NAME = "$(TARGET_NAME)";
			};
			name = Debug;
		};
		8F3297F5248D2C4E00A0D11E /* Release */ = {
			isa = XCBuildConfiguration;
			buildSettings = {
				CODE_SIGN_STYLE = Automatic;
				PRODUCT_NAME = "$(TARGET_NAME)";
			};
			name = Release;
		};
/* End XCBuildConfiguration section */

/* Begin XCConfigurationList section */
		8F3295432481DFFC00A0D11E /* Build configuration list for PBXProject "Problems_cpp" */ = {
			isa = XCConfigurationList;
			buildConfigurations = (
				8F32954D2481DFFC00A0D11E /* Debug */,
				8F32954E2481DFFC00A0D11E /* Release */,
			);
			defaultConfigurationIsVisible = 0;
			defaultConfigurationName = Release;
		};
		8F32955A2481E01900A0D11E /* Build configuration list for PBXNativeTarget "136. Single Number" */ = {
			isa = XCConfigurationList;
			buildConfigurations = (
				8F32955B2481E01900A0D11E /* Debug */,
				8F32955C2481E01900A0D11E /* Release */,
			);
			defaultConfigurationIsVisible = 0;
			defaultConfigurationName = Release;
		};
		8F3296CB2485ADA000A0D11E /* Build configuration list for PBXNativeTarget "1. Two Sum" */ = {
			isa = XCConfigurationList;
			buildConfigurations = (
				8F3296C92485ADA000A0D11E /* Debug */,
				8F3296CA2485ADA000A0D11E /* Release */,
			);
			defaultConfigurationIsVisible = 0;
			defaultConfigurationName = Release;
		};
		8F3296D62486B43A00A0D11E /* Build configuration list for PBXNativeTarget "237. Delete Node in a Linked List" */ = {
			isa = XCConfigurationList;
			buildConfigurations = (
				8F3296D42486B43A00A0D11E /* Debug */,
				8F3296D52486B43A00A0D11E /* Release */,
			);
			defaultConfigurationIsVisible = 0;
			defaultConfigurationName = Release;
		};
		8F3296DF2486FA2700A0D11E /* Build configuration list for PBXNativeTarget "34. Find First and Last Position of Element in Sorted Array" */ = {
			isa = XCConfigurationList;
			buildConfigurations = (
				8F3296E02486FA2700A0D11E /* Debug */,
				8F3296E12486FA2700A0D11E /* Release */,
			);
			defaultConfigurationIsVisible = 0;
			defaultConfigurationName = Release;
		};
		8F3296EA2487FB2E00A0D11E /* Build configuration list for PBXNativeTarget "1029. Two City Scheduling" */ = {
			isa = XCConfigurationList;
			buildConfigurations = (
				8F3296EB2487FB2E00A0D11E /* Debug */,
				8F3296EC2487FB2E00A0D11E /* Release */,
			);
			defaultConfigurationIsVisible = 0;
			defaultConfigurationName = Release;
		};
		8F3296F52488363A00A0D11E /* Build configuration list for PBXNativeTarget "74. Search a 2D Matrix" */ = {
			isa = XCConfigurationList;
			buildConfigurations = (
				8F3296F62488363A00A0D11E /* Debug */,
				8F3296F72488363A00A0D11E /* Release */,
			);
			defaultConfigurationIsVisible = 0;
			defaultConfigurationName = Release;
		};
		8F32970024883CC300A0D11E /* Build configuration list for PBXNativeTarget "668. Kth Smallest Number in Multiplication Table" */ = {
			isa = XCConfigurationList;
			buildConfigurations = (
				8F32970124883CC300A0D11E /* Debug */,
				8F32970224883CC300A0D11E /* Release */,
			);
			defaultConfigurationIsVisible = 0;
			defaultConfigurationName = Release;
		};
		8F32972D2488B9FA00A0D11E /* Build configuration list for PBXNativeTarget "300. Longest Increasing Subsequence" */ = {
			isa = XCConfigurationList;
			buildConfigurations = (
				8F32972E2488B9FA00A0D11E /* Debug */,
				8F32972F2488B9FA00A0D11E /* Release */,
			);
			defaultConfigurationIsVisible = 0;
			defaultConfigurationName = Release;
		};
		8F3297392488C2A100A0D11E /* Build configuration list for PBXNativeTarget "416. Partition Equal Subset Sum" */ = {
			isa = XCConfigurationList;
			buildConfigurations = (
				8F32973A2488C2A100A0D11E /* Debug */,
				8F32973B2488C2A100A0D11E /* Release */,
			);
			defaultConfigurationIsVisible = 0;
			defaultConfigurationName = Release;
		};
		8F3297632489923E00A0D11E /* Build configuration list for PBXNativeTarget "344. Reverse String" */ = {
			isa = XCConfigurationList;
			buildConfigurations = (
				8F3297642489923E00A0D11E /* Debug */,
				8F3297652489923E00A0D11E /* Release */,
			);
			defaultConfigurationIsVisible = 0;
			defaultConfigurationName = Release;
		};
		8F32976E248999AC00A0D11E /* Build configuration list for PBXNativeTarget "GTS Practice" */ = {
			isa = XCConfigurationList;
			buildConfigurations = (
				8F32976F248999AC00A0D11E /* Debug */,
				8F329770248999AC00A0D11E /* Release */,
			);
			defaultConfigurationIsVisible = 0;
			defaultConfigurationName = Release;
		};
		8F3297792489CA8200A0D11E /* Build configuration list for PBXNativeTarget "1128. Number of Equivalent Domino Pairs" */ = {
			isa = XCConfigurationList;
			buildConfigurations = (
				8F32977A2489CA8200A0D11E /* Debug */,
				8F32977B2489CA8200A0D11E /* Release */,
			);
			defaultConfigurationIsVisible = 0;
			defaultConfigurationName = Release;
		};
		8F329785248AAB0500A0D11E /* Build configuration list for PBXNativeTarget "528. Random Pick with Weight" */ = {
			isa = XCConfigurationList;
			buildConfigurations = (
				8F329786248AAB0500A0D11E /* Debug */,
				8F329787248AAB0500A0D11E /* Release */,
			);
			defaultConfigurationIsVisible = 0;
			defaultConfigurationName = Release;
		};
		8F329790248AFAE800A0D11E /* Build configuration list for PBXNativeTarget "50. Pow(x, n)" */ = {
			isa = XCConfigurationList;
			buildConfigurations = (
				8F329791248AFAE800A0D11E /* Debug */,
				8F329792248AFAE800A0D11E /* Release */,
			);
			defaultConfigurationIsVisible = 0;
			defaultConfigurationName = Release;
		};
		8F32979B248B2A9A00A0D11E /* Build configuration list for PBXNativeTarget "14. Longest Common Prefix" */ = {
			isa = XCConfigurationList;
			buildConfigurations = (
				8F32979C248B2A9A00A0D11E /* Debug */,
				8F32979D248B2A9A00A0D11E /* Release */,
			);
			defaultConfigurationIsVisible = 0;
			defaultConfigurationName = Release;
		};
		8F3297A6248B52B200A0D11E /* Build configuration list for PBXNativeTarget "739. Daily Temperatures" */ = {
			isa = XCConfigurationList;
			buildConfigurations = (
				8F3297A7248B52B200A0D11E /* Debug */,
				8F3297A8248B52B200A0D11E /* Release */,
			);
			defaultConfigurationIsVisible = 0;
			defaultConfigurationName = Release;
		};
		8F3297B1248B584F00A0D11E /* Build configuration list for PBXNativeTarget "986. Interval List Intersections" */ = {
			isa = XCConfigurationList;
			buildConfigurations = (
				8F3297B2248B584F00A0D11E /* Debug */,
				8F3297B3248B584F00A0D11E /* Release */,
			);
			defaultConfigurationIsVisible = 0;
			defaultConfigurationName = Release;
		};
		8F3297BC248BF30100A0D11E /* Build configuration list for PBXNativeTarget "406. Queue Reconstruction by Height" */ = {
			isa = XCConfigurationList;
			buildConfigurations = (
				8F3297BD248BF30100A0D11E /* Debug */,
				8F3297BE248BF30100A0D11E /* Release */,
			);
			defaultConfigurationIsVisible = 0;
			defaultConfigurationName = Release;
		};
		8F3297C7248BFC3D00A0D11E /* Build configuration list for PBXNativeTarget "101. Symmetric Tree" */ = {
			isa = XCConfigurationList;
			buildConfigurations = (
				8F3297C8248BFC3D00A0D11E /* Debug */,
				8F3297C9248BFC3D00A0D11E /* Release */,
			);
			defaultConfigurationIsVisible = 0;
			defaultConfigurationName = Release;
		};
		8F3297D2248C0D8800A0D11E /* Build configuration list for PBXNativeTarget "463. Island Perimeter" */ = {
			isa = XCConfigurationList;
			buildConfigurations = (
				8F3297D3248C0D8800A0D11E /* Debug */,
				8F3297D4248C0D8800A0D11E /* Release */,
			);
			defaultConfigurationIsVisible = 0;
			defaultConfigurationName = Release;
		};
		8F3297DF248C5CD800A0D11E /* Build configuration list for PBXNativeTarget "1465. Maximum Area of a Piece of Cake After Horizontal and Vertical Cuts" */ = {
			isa = XCConfigurationList;
			buildConfigurations = (
				8F3297DD248C5CD800A0D11E /* Debug */,
				8F3297DE248C5CD800A0D11E /* Release */,
			);
			defaultConfigurationIsVisible = 0;
			defaultConfigurationName = Release;
		};
		8F3297E8248C5D1500A0D11E /* Build configuration list for PBXNativeTarget "1466. Reorder Routes to Make All Paths Lead to the City Zero" */ = {
			isa = XCConfigurationList;
			buildConfigurations = (
				8F3297E9248C5D1500A0D11E /* Debug */,
				8F3297EA248C5D1500A0D11E /* Release */,
			);
			defaultConfigurationIsVisible = 0;
			defaultConfigurationName = Release;
		};
		8F3297F3248D2C4E00A0D11E /* Build configuration list for PBXNativeTarget "518. Coin Change 2" */ = {
			isa = XCConfigurationList;
			buildConfigurations = (
				8F3297F4248D2C4E00A0D11E /* Debug */,
				8F3297F5248D2C4E00A0D11E /* Release */,
			);
			defaultConfigurationIsVisible = 0;
			defaultConfigurationName = Release;
		};
/* End XCConfigurationList section */
	};
	rootObject = 8F3295402481DFFC00A0D11E /* Project object */;
}
