// !$*UTF8*$!
{
	archiveVersion = 1;
	classes = {
	};
	objectVersion = 50;
	objects = {

/* Begin PBXBuildFile section */
		8F3295592481E01900A0D11E /* main.cpp in Sources */ = {isa = PBXBuildFile; fileRef = 8F3295582481E01900A0D11E /* main.cpp */; };
		8F3296C82485ADA000A0D11E /* main.cpp in Sources */ = {isa = PBXBuildFile; fileRef = 8F3296C72485ADA000A0D11E /* main.cpp */; };
		8F3296D32486B43A00A0D11E /* main.cpp in Sources */ = {isa = PBXBuildFile; fileRef = 8F3296D22486B43A00A0D11E /* main.cpp */; };
		8F3296DE2486FA2700A0D11E /* main.cpp in Sources */ = {isa = PBXBuildFile; fileRef = 8F3296DD2486FA2700A0D11E /* main.cpp */; };
/* End PBXBuildFile section */

/* Begin PBXCopyFilesBuildPhase section */
		8F3295542481E01900A0D11E /* CopyFiles */ = {
			isa = PBXCopyFilesBuildPhase;
			buildActionMask = 2147483647;
			dstPath = /usr/share/man/man1/;
			dstSubfolderSpec = 0;
			files = (
			);
			runOnlyForDeploymentPostprocessing = 1;
		};
		8F3296C32485ADA000A0D11E /* CopyFiles */ = {
			isa = PBXCopyFilesBuildPhase;
			buildActionMask = 2147483647;
			dstPath = /usr/share/man/man1/;
			dstSubfolderSpec = 0;
			files = (
			);
			runOnlyForDeploymentPostprocessing = 1;
		};
		8F3296CE2486B43A00A0D11E /* CopyFiles */ = {
			isa = PBXCopyFilesBuildPhase;
			buildActionMask = 2147483647;
			dstPath = /usr/share/man/man1/;
			dstSubfolderSpec = 0;
			files = (
			);
			runOnlyForDeploymentPostprocessing = 1;
		};
		8F3296D92486FA2700A0D11E /* CopyFiles */ = {
			isa = PBXCopyFilesBuildPhase;
			buildActionMask = 2147483647;
			dstPath = /usr/share/man/man1/;
			dstSubfolderSpec = 0;
			files = (
			);
			runOnlyForDeploymentPostprocessing = 1;
		};
/* End PBXCopyFilesBuildPhase section */

/* Begin PBXFileReference section */
		8F3295562481E01900A0D11E /* 136. Single Number */ = {isa = PBXFileReference; explicitFileType = "compiled.mach-o.executable"; includeInIndex = 0; path = "136. Single Number"; sourceTree = BUILT_PRODUCTS_DIR; };
		8F3295582481E01900A0D11E /* main.cpp */ = {isa = PBXFileReference; lastKnownFileType = sourcecode.cpp.cpp; path = main.cpp; sourceTree = "<group>"; };
		8F3296C52485ADA000A0D11E /* 1. Two Sum */ = {isa = PBXFileReference; explicitFileType = "compiled.mach-o.executable"; includeInIndex = 0; path = "1. Two Sum"; sourceTree = BUILT_PRODUCTS_DIR; };
		8F3296C72485ADA000A0D11E /* main.cpp */ = {isa = PBXFileReference; lastKnownFileType = sourcecode.cpp.cpp; path = main.cpp; sourceTree = "<group>"; };
		8F3296D02486B43A00A0D11E /* 237. Delete Node in a Linked List */ = {isa = PBXFileReference; explicitFileType = "compiled.mach-o.executable"; includeInIndex = 0; path = "237. Delete Node in a Linked List"; sourceTree = BUILT_PRODUCTS_DIR; };
		8F3296D22486B43A00A0D11E /* main.cpp */ = {isa = PBXFileReference; lastKnownFileType = sourcecode.cpp.cpp; path = main.cpp; sourceTree = "<group>"; };
		8F3296DB2486FA2700A0D11E /* 34. Find First and Last Position of Element in Sorted Array */ = {isa = PBXFileReference; explicitFileType = "compiled.mach-o.executable"; includeInIndex = 0; path = "34. Find First and Last Position of Element in Sorted Array"; sourceTree = BUILT_PRODUCTS_DIR; };
		8F3296DD2486FA2700A0D11E /* main.cpp */ = {isa = PBXFileReference; lastKnownFileType = sourcecode.cpp.cpp; path = main.cpp; sourceTree = "<group>"; };
/* End PBXFileReference section */

/* Begin PBXFrameworksBuildPhase section */
		8F3295532481E01900A0D11E /* Frameworks */ = {
			isa = PBXFrameworksBuildPhase;
			buildActionMask = 2147483647;
			files = (
			);
			runOnlyForDeploymentPostprocessing = 0;
		};
		8F3296C22485ADA000A0D11E /* Frameworks */ = {
			isa = PBXFrameworksBuildPhase;
			buildActionMask = 2147483647;
			files = (
			);
			runOnlyForDeploymentPostprocessing = 0;
		};
		8F3296CD2486B43A00A0D11E /* Frameworks */ = {
			isa = PBXFrameworksBuildPhase;
			buildActionMask = 2147483647;
			files = (
			);
			runOnlyForDeploymentPostprocessing = 0;
		};
		8F3296D82486FA2700A0D11E /* Frameworks */ = {
			isa = PBXFrameworksBuildPhase;
			buildActionMask = 2147483647;
			files = (
			);
			runOnlyForDeploymentPostprocessing = 0;
		};
/* End PBXFrameworksBuildPhase section */

/* Begin PBXGroup section */
		8F32953F2481DFFC00A0D11E = {
			isa = PBXGroup;
			children = (
				8F3295572481E01900A0D11E /* 136. Single Number */,
				8F3296C62485ADA000A0D11E /* 1. Two Sum */,
				8F3296D12486B43A00A0D11E /* 237. Delete Node in a Linked List */,
				8F3296DC2486FA2700A0D11E /* 34. Find First and Last Position of Element in Sorted Array */,
				8F3295492481DFFC00A0D11E /* Products */,
			);
			sourceTree = "<group>";
		};
		8F3295492481DFFC00A0D11E /* Products */ = {
			isa = PBXGroup;
			children = (
				8F3295562481E01900A0D11E /* 136. Single Number */,
				8F3296C52485ADA000A0D11E /* 1. Two Sum */,
				8F3296D02486B43A00A0D11E /* 237. Delete Node in a Linked List */,
				8F3296DB2486FA2700A0D11E /* 34. Find First and Last Position of Element in Sorted Array */,
			);
			name = Products;
			sourceTree = "<group>";
		};
		8F3295572481E01900A0D11E /* 136. Single Number */ = {
			isa = PBXGroup;
			children = (
				8F3295582481E01900A0D11E /* main.cpp */,
			);
			path = "136. Single Number";
			sourceTree = "<group>";
		};
		8F3296C62485ADA000A0D11E /* 1. Two Sum */ = {
			isa = PBXGroup;
			children = (
				8F3296C72485ADA000A0D11E /* main.cpp */,
			);
			path = "1. Two Sum";
			sourceTree = "<group>";
		};
		8F3296D12486B43A00A0D11E /* 237. Delete Node in a Linked List */ = {
			isa = PBXGroup;
			children = (
				8F3296D22486B43A00A0D11E /* main.cpp */,
			);
			path = "237. Delete Node in a Linked List";
			sourceTree = "<group>";
		};
		8F3296DC2486FA2700A0D11E /* 34. Find First and Last Position of Element in Sorted Array */ = {
			isa = PBXGroup;
			children = (
				8F3296DD2486FA2700A0D11E /* main.cpp */,
			);
			path = "34. Find First and Last Position of Element in Sorted Array";
			sourceTree = "<group>";
		};
/* End PBXGroup section */

/* Begin PBXNativeTarget section */
		8F3295552481E01900A0D11E /* 136. Single Number */ = {
			isa = PBXNativeTarget;
			buildConfigurationList = 8F32955A2481E01900A0D11E /* Build configuration list for PBXNativeTarget "136. Single Number" */;
			buildPhases = (
				8F3295522481E01900A0D11E /* Sources */,
				8F3295532481E01900A0D11E /* Frameworks */,
				8F3295542481E01900A0D11E /* CopyFiles */,
			);
			buildRules = (
			);
			dependencies = (
			);
			name = "136. Single Number";
			productName = "136. Single Number";
			productReference = 8F3295562481E01900A0D11E /* 136. Single Number */;
			productType = "com.apple.product-type.tool";
		};
		8F3296C42485ADA000A0D11E /* 1. Two Sum */ = {
			isa = PBXNativeTarget;
			buildConfigurationList = 8F3296CB2485ADA000A0D11E /* Build configuration list for PBXNativeTarget "1. Two Sum" */;
			buildPhases = (
				8F3296C12485ADA000A0D11E /* Sources */,
				8F3296C22485ADA000A0D11E /* Frameworks */,
				8F3296C32485ADA000A0D11E /* CopyFiles */,
			);
			buildRules = (
			);
			dependencies = (
			);
			name = "1. Two Sum";
			productName = "1. Two Sum";
			productReference = 8F3296C52485ADA000A0D11E /* 1. Two Sum */;
			productType = "com.apple.product-type.tool";
		};
		8F3296CF2486B43A00A0D11E /* 237. Delete Node in a Linked List */ = {
			isa = PBXNativeTarget;
			buildConfigurationList = 8F3296D62486B43A00A0D11E /* Build configuration list for PBXNativeTarget "237. Delete Node in a Linked List" */;
			buildPhases = (
				8F3296CC2486B43A00A0D11E /* Sources */,
				8F3296CD2486B43A00A0D11E /* Frameworks */,
				8F3296CE2486B43A00A0D11E /* CopyFiles */,
			);
			buildRules = (
			);
			dependencies = (
			);
			name = "237. Delete Node in a Linked List";
			productName = "237. Delete Node in a Linked List";
			productReference = 8F3296D02486B43A00A0D11E /* 237. Delete Node in a Linked List */;
			productType = "com.apple.product-type.tool";
		};
		8F3296DA2486FA2700A0D11E /* 34. Find First and Last Position of Element in Sorted Array */ = {
			isa = PBXNativeTarget;
			buildConfigurationList = 8F3296DF2486FA2700A0D11E /* Build configuration list for PBXNativeTarget "34. Find First and Last Position of Element in Sorted Array" */;
			buildPhases = (
				8F3296D72486FA2700A0D11E /* Sources */,
				8F3296D82486FA2700A0D11E /* Frameworks */,
				8F3296D92486FA2700A0D11E /* CopyFiles */,
			);
			buildRules = (
			);
			dependencies = (
			);
			name = "34. Find First and Last Position of Element in Sorted Array";
			productName = "34. Find First and Last Position of Element in Sorted Array";
			productReference = 8F3296DB2486FA2700A0D11E /* 34. Find First and Last Position of Element in Sorted Array */;
			productType = "com.apple.product-type.tool";
		};
/* End PBXNativeTarget section */

/* Begin PBXProject section */
		8F3295402481DFFC00A0D11E /* Project object */ = {
			isa = PBXProject;
			attributes = {
				LastUpgradeCheck = 1140;
				ORGANIZATIONNAME = "vincent xie";
				TargetAttributes = {
					8F3295552481E01900A0D11E = {
						CreatedOnToolsVersion = 11.4.1;
					};
					8F3296C42485ADA000A0D11E = {
						CreatedOnToolsVersion = 11.4.1;
					};
					8F3296CF2486B43A00A0D11E = {
						CreatedOnToolsVersion = 11.4.1;
					};
					8F3296DA2486FA2700A0D11E = {
						CreatedOnToolsVersion = 11.4.1;
					};
				};
			};
			buildConfigurationList = 8F3295432481DFFC00A0D11E /* Build configuration list for PBXProject "Problems_cpp" */;
			compatibilityVersion = "Xcode 9.3";
			developmentRegion = en;
			hasScannedForEncodings = 0;
			knownRegions = (
				en,
				Base,
			);
			mainGroup = 8F32953F2481DFFC00A0D11E;
			productRefGroup = 8F3295492481DFFC00A0D11E /* Products */;
			projectDirPath = "";
			projectRoot = "";
			targets = (
				8F3295552481E01900A0D11E /* 136. Single Number */,
				8F3296C42485ADA000A0D11E /* 1. Two Sum */,
				8F3296CF2486B43A00A0D11E /* 237. Delete Node in a Linked List */,
				8F3296DA2486FA2700A0D11E /* 34. Find First and Last Position of Element in Sorted Array */,
			);
		};
/* End PBXProject section */

/* Begin PBXSourcesBuildPhase section */
		8F3295522481E01900A0D11E /* Sources */ = {
			isa = PBXSourcesBuildPhase;
			buildActionMask = 2147483647;
			files = (
				8F3295592481E01900A0D11E /* main.cpp in Sources */,
			);
			runOnlyForDeploymentPostprocessing = 0;
		};
		8F3296C12485ADA000A0D11E /* Sources */ = {
			isa = PBXSourcesBuildPhase;
			buildActionMask = 2147483647;
			files = (
				8F3296C82485ADA000A0D11E /* main.cpp in Sources */,
			);
			runOnlyForDeploymentPostprocessing = 0;
		};
		8F3296CC2486B43A00A0D11E /* Sources */ = {
			isa = PBXSourcesBuildPhase;
			buildActionMask = 2147483647;
			files = (
				8F3296D32486B43A00A0D11E /* main.cpp in Sources */,
			);
			runOnlyForDeploymentPostprocessing = 0;
		};
		8F3296D72486FA2700A0D11E /* Sources */ = {
			isa = PBXSourcesBuildPhase;
			buildActionMask = 2147483647;
			files = (
				8F3296DE2486FA2700A0D11E /* main.cpp in Sources */,
			);
			runOnlyForDeploymentPostprocessing = 0;
		};
/* End PBXSourcesBuildPhase section */

/* Begin XCBuildConfiguration section */
		8F32954D2481DFFC00A0D11E /* Debug */ = {
			isa = XCBuildConfiguration;
			buildSettings = {
				ALWAYS_SEARCH_USER_PATHS = NO;
				CLANG_ANALYZER_NONNULL = YES;
				CLANG_ANALYZER_NUMBER_OBJECT_CONVERSION = YES_AGGRESSIVE;
				CLANG_CXX_LANGUAGE_STANDARD = "gnu++14";
				CLANG_CXX_LIBRARY = "libc++";
				CLANG_ENABLE_MODULES = YES;
				CLANG_ENABLE_OBJC_ARC = YES;
				CLANG_ENABLE_OBJC_WEAK = YES;
				CLANG_WARN_BLOCK_CAPTURE_AUTORELEASING = YES;
				CLANG_WARN_BOOL_CONVERSION = YES;
				CLANG_WARN_COMMA = YES;
				CLANG_WARN_CONSTANT_CONVERSION = YES;
				CLANG_WARN_DEPRECATED_OBJC_IMPLEMENTATIONS = YES;
				CLANG_WARN_DIRECT_OBJC_ISA_USAGE = YES_ERROR;
				CLANG_WARN_DOCUMENTATION_COMMENTS = YES;
				CLANG_WARN_EMPTY_BODY = YES;
				CLANG_WARN_ENUM_CONVERSION = YES;
				CLANG_WARN_INFINITE_RECURSION = YES;
				CLANG_WARN_INT_CONVERSION = YES;
				CLANG_WARN_NON_LITERAL_NULL_CONVERSION = YES;
				CLANG_WARN_OBJC_IMPLICIT_RETAIN_SELF = YES;
				CLANG_WARN_OBJC_LITERAL_CONVERSION = YES;
				CLANG_WARN_OBJC_ROOT_CLASS = YES_ERROR;
				CLANG_WARN_RANGE_LOOP_ANALYSIS = YES;
				CLANG_WARN_STRICT_PROTOTYPES = YES;
				CLANG_WARN_SUSPICIOUS_MOVE = YES;
				CLANG_WARN_UNGUARDED_AVAILABILITY = YES_AGGRESSIVE;
				CLANG_WARN_UNREACHABLE_CODE = YES;
				CLANG_WARN__DUPLICATE_METHOD_MATCH = YES;
				COPY_PHASE_STRIP = NO;
				DEBUG_INFORMATION_FORMAT = dwarf;
				ENABLE_STRICT_OBJC_MSGSEND = YES;
				ENABLE_TESTABILITY = YES;
				GCC_C_LANGUAGE_STANDARD = gnu11;
				GCC_DYNAMIC_NO_PIC = NO;
				GCC_NO_COMMON_BLOCKS = YES;
				GCC_OPTIMIZATION_LEVEL = 0;
				GCC_PREPROCESSOR_DEFINITIONS = (
					"DEBUG=1",
					"$(inherited)",
				);
				GCC_WARN_64_TO_32_BIT_CONVERSION = YES;
				GCC_WARN_ABOUT_RETURN_TYPE = YES_ERROR;
				GCC_WARN_UNDECLARED_SELECTOR = YES;
				GCC_WARN_UNINITIALIZED_AUTOS = YES_AGGRESSIVE;
				GCC_WARN_UNUSED_FUNCTION = YES;
				GCC_WARN_UNUSED_VARIABLE = YES;
				MACOSX_DEPLOYMENT_TARGET = 10.15;
				MTL_ENABLE_DEBUG_INFO = INCLUDE_SOURCE;
				MTL_FAST_MATH = YES;
				ONLY_ACTIVE_ARCH = YES;
				SDKROOT = macosx;
			};
			name = Debug;
		};
		8F32954E2481DFFC00A0D11E /* Release */ = {
			isa = XCBuildConfiguration;
			buildSettings = {
				ALWAYS_SEARCH_USER_PATHS = NO;
				CLANG_ANALYZER_NONNULL = YES;
				CLANG_ANALYZER_NUMBER_OBJECT_CONVERSION = YES_AGGRESSIVE;
				CLANG_CXX_LANGUAGE_STANDARD = "gnu++14";
				CLANG_CXX_LIBRARY = "libc++";
				CLANG_ENABLE_MODULES = YES;
				CLANG_ENABLE_OBJC_ARC = YES;
				CLANG_ENABLE_OBJC_WEAK = YES;
				CLANG_WARN_BLOCK_CAPTURE_AUTORELEASING = YES;
				CLANG_WARN_BOOL_CONVERSION = YES;
				CLANG_WARN_COMMA = YES;
				CLANG_WARN_CONSTANT_CONVERSION = YES;
				CLANG_WARN_DEPRECATED_OBJC_IMPLEMENTATIONS = YES;
				CLANG_WARN_DIRECT_OBJC_ISA_USAGE = YES_ERROR;
				CLANG_WARN_DOCUMENTATION_COMMENTS = YES;
				CLANG_WARN_EMPTY_BODY = YES;
				CLANG_WARN_ENUM_CONVERSION = YES;
				CLANG_WARN_INFINITE_RECURSION = YES;
				CLANG_WARN_INT_CONVERSION = YES;
				CLANG_WARN_NON_LITERAL_NULL_CONVERSION = YES;
				CLANG_WARN_OBJC_IMPLICIT_RETAIN_SELF = YES;
				CLANG_WARN_OBJC_LITERAL_CONVERSION = YES;
				CLANG_WARN_OBJC_ROOT_CLASS = YES_ERROR;
				CLANG_WARN_RANGE_LOOP_ANALYSIS = YES;
				CLANG_WARN_STRICT_PROTOTYPES = YES;
				CLANG_WARN_SUSPICIOUS_MOVE = YES;
				CLANG_WARN_UNGUARDED_AVAILABILITY = YES_AGGRESSIVE;
				CLANG_WARN_UNREACHABLE_CODE = YES;
				CLANG_WARN__DUPLICATE_METHOD_MATCH = YES;
				COPY_PHASE_STRIP = NO;
				DEBUG_INFORMATION_FORMAT = "dwarf-with-dsym";
				ENABLE_NS_ASSERTIONS = NO;
				ENABLE_STRICT_OBJC_MSGSEND = YES;
				GCC_C_LANGUAGE_STANDARD = gnu11;
				GCC_NO_COMMON_BLOCKS = YES;
				GCC_WARN_64_TO_32_BIT_CONVERSION = YES;
				GCC_WARN_ABOUT_RETURN_TYPE = YES_ERROR;
				GCC_WARN_UNDECLARED_SELECTOR = YES;
				GCC_WARN_UNINITIALIZED_AUTOS = YES_AGGRESSIVE;
				GCC_WARN_UNUSED_FUNCTION = YES;
				GCC_WARN_UNUSED_VARIABLE = YES;
				MACOSX_DEPLOYMENT_TARGET = 10.15;
				MTL_ENABLE_DEBUG_INFO = NO;
				MTL_FAST_MATH = YES;
				SDKROOT = macosx;
			};
			name = Release;
		};
		8F32955B2481E01900A0D11E /* Debug */ = {
			isa = XCBuildConfiguration;
			buildSettings = {
				CODE_SIGN_STYLE = Automatic;
				PRODUCT_NAME = "$(TARGET_NAME)";
			};
			name = Debug;
		};
		8F32955C2481E01900A0D11E /* Release */ = {
			isa = XCBuildConfiguration;
			buildSettings = {
				CODE_SIGN_STYLE = Automatic;
				PRODUCT_NAME = "$(TARGET_NAME)";
			};
			name = Release;
		};
		8F3296C92485ADA000A0D11E /* Debug */ = {
			isa = XCBuildConfiguration;
			buildSettings = {
				CODE_SIGN_STYLE = Automatic;
				PRODUCT_NAME = "$(TARGET_NAME)";
			};
			name = Debug;
		};
		8F3296CA2485ADA000A0D11E /* Release */ = {
			isa = XCBuildConfiguration;
			buildSettings = {
				CODE_SIGN_STYLE = Automatic;
				PRODUCT_NAME = "$(TARGET_NAME)";
			};
			name = Release;
		};
		8F3296D42486B43A00A0D11E /* Debug */ = {
			isa = XCBuildConfiguration;
			buildSettings = {
				CODE_SIGN_STYLE = Automatic;
				PRODUCT_NAME = "$(TARGET_NAME)";
			};
			name = Debug;
		};
		8F3296D52486B43A00A0D11E /* Release */ = {
			isa = XCBuildConfiguration;
			buildSettings = {
				CODE_SIGN_STYLE = Automatic;
				PRODUCT_NAME = "$(TARGET_NAME)";
			};
			name = Release;
		};
		8F3296E02486FA2700A0D11E /* Debug */ = {
			isa = XCBuildConfiguration;
			buildSettings = {
				CODE_SIGN_STYLE = Automatic;
				PRODUCT_NAME = "$(TARGET_NAME)";
			};
			name = Debug;
		};
		8F3296E12486FA2700A0D11E /* Release */ = {
			isa = XCBuildConfiguration;
			buildSettings = {
				CODE_SIGN_STYLE = Automatic;
				PRODUCT_NAME = "$(TARGET_NAME)";
			};
			name = Release;
		};
/* End XCBuildConfiguration section */

/* Begin XCConfigurationList section */
		8F3295432481DFFC00A0D11E /* Build configuration list for PBXProject "Problems_cpp" */ = {
			isa = XCConfigurationList;
			buildConfigurations = (
				8F32954D2481DFFC00A0D11E /* Debug */,
				8F32954E2481DFFC00A0D11E /* Release */,
			);
			defaultConfigurationIsVisible = 0;
			defaultConfigurationName = Release;
		};
		8F32955A2481E01900A0D11E /* Build configuration list for PBXNativeTarget "136. Single Number" */ = {
			isa = XCConfigurationList;
			buildConfigurations = (
				8F32955B2481E01900A0D11E /* Debug */,
				8F32955C2481E01900A0D11E /* Release */,
			);
			defaultConfigurationIsVisible = 0;
			defaultConfigurationName = Release;
		};
		8F3296CB2485ADA000A0D11E /* Build configuration list for PBXNativeTarget "1. Two Sum" */ = {
			isa = XCConfigurationList;
			buildConfigurations = (
				8F3296C92485ADA000A0D11E /* Debug */,
				8F3296CA2485ADA000A0D11E /* Release */,
			);
			defaultConfigurationIsVisible = 0;
			defaultConfigurationName = Release;
		};
		8F3296D62486B43A00A0D11E /* Build configuration list for PBXNativeTarget "237. Delete Node in a Linked List" */ = {
			isa = XCConfigurationList;
			buildConfigurations = (
				8F3296D42486B43A00A0D11E /* Debug */,
				8F3296D52486B43A00A0D11E /* Release */,
			);
			defaultConfigurationIsVisible = 0;
			defaultConfigurationName = Release;
		};
		8F3296DF2486FA2700A0D11E /* Build configuration list for PBXNativeTarget "34. Find First and Last Position of Element in Sorted Array" */ = {
			isa = XCConfigurationList;
			buildConfigurations = (
				8F3296E02486FA2700A0D11E /* Debug */,
				8F3296E12486FA2700A0D11E /* Release */,
			);
			defaultConfigurationIsVisible = 0;
			defaultConfigurationName = Release;
		};
/* End XCConfigurationList section */
	};
	rootObject = 8F3295402481DFFC00A0D11E /* Project object */;
}
